// !$*UTF8*$!
{
	archiveVersion = 1;
	classes = {
	};
	objectVersion = 51;
	objects = {

/* Begin PBXBuildFile section */
		96249C91044FABE64D529D64 /* Pods_CollectionViewTesting.framework in Frameworks */ = {isa = PBXBuildFile; fileRef = 1667F77E508EF763FA67258D /* Pods_CollectionViewTesting.framework */; };
		D61F04BE25D3891D00A2BC05 /* AppDelegate.swift in Sources */ = {isa = PBXBuildFile; fileRef = D61F04BD25D3891D00A2BC05 /* AppDelegate.swift */; };
		D61F04C025D3891D00A2BC05 /* SceneDelegate.swift in Sources */ = {isa = PBXBuildFile; fileRef = D61F04BF25D3891D00A2BC05 /* SceneDelegate.swift */; };
		D61F04C225D3891D00A2BC05 /* ViewController.swift in Sources */ = {isa = PBXBuildFile; fileRef = D61F04C125D3891D00A2BC05 /* ViewController.swift */; };
		D61F04C525D3891D00A2BC05 /* Main.storyboard in Resources */ = {isa = PBXBuildFile; fileRef = D61F04C325D3891D00A2BC05 /* Main.storyboard */; };
		D61F04C725D3891D00A2BC05 /* Assets.xcassets in Resources */ = {isa = PBXBuildFile; fileRef = D61F04C625D3891D00A2BC05 /* Assets.xcassets */; };
		D61F04CA25D3891D00A2BC05 /* LaunchScreen.storyboard in Resources */ = {isa = PBXBuildFile; fileRef = D61F04C825D3891D00A2BC05 /* LaunchScreen.storyboard */; };
		D61F04D725D38A0700A2BC05 /* CollectionViewCell.swift in Sources */ = {isa = PBXBuildFile; fileRef = D61F04D625D38A0700A2BC05 /* CollectionViewCell.swift */; };
		D630114C267A760E00128ADA /* TableViewCell.swift in Sources */ = {isa = PBXBuildFile; fileRef = D630114B267A760E00128ADA /* TableViewCell.swift */; };
		D630114E267A978C00128ADA /* EventViewController.swift in Sources */ = {isa = PBXBuildFile; fileRef = D630114D267A978C00128ADA /* EventViewController.swift */; };
		D6301151267AA10800128ADA /* Event.swift in Sources */ = {isa = PBXBuildFile; fileRef = D6301150267AA10800128ADA /* Event.swift */; };
		D673DA0525D486AA009C56EF /* CalendarHelper.swift in Sources */ = {isa = PBXBuildFile; fileRef = D673DA0425D486AA009C56EF /* CalendarHelper.swift */; };
		D6BE7AAF26A642E300498ECB /* SettingsViewController.swift in Sources */ = {isa = PBXBuildFile; fileRef = D6BE7AAE26A642E300498ECB /* SettingsViewController.swift */; };
		D6BE7AB126A6479000498ECB /* LogInViewController.swift in Sources */ = {isa = PBXBuildFile; fileRef = D6BE7AB026A6479000498ECB /* LogInViewController.swift */; };
		D6BE7AB326A8B54500498ECB /* AccountInfoViewController.swift in Sources */ = {isa = PBXBuildFile; fileRef = D6BE7AB226A8B54500498ECB /* AccountInfoViewController.swift */; };
		D6BE7AB526C1981400498ECB /* GoogleService-Info.plist in Resources */ = {isa = PBXBuildFile; fileRef = D6BE7AB426C1981400498ECB /* GoogleService-Info.plist */; };
		D6DAA77726951D55005B7D6B /* SignInViewController.swift in Sources */ = {isa = PBXBuildFile; fileRef = D6DAA77626951D55005B7D6B /* SignInViewController.swift */; };
/* End PBXBuildFile section */

/* Begin PBXFileReference section */
		1667F77E508EF763FA67258D /* Pods_CollectionViewTesting.framework */ = {isa = PBXFileReference; explicitFileType = wrapper.framework; includeInIndex = 0; path = Pods_CollectionViewTesting.framework; sourceTree = BUILT_PRODUCTS_DIR; };
		3ECB4EEE11782D1D12547265 /* Pods-CollectionViewTesting.debug.xcconfig */ = {isa = PBXFileReference; includeInIndex = 1; lastKnownFileType = text.xcconfig; name = "Pods-CollectionViewTesting.debug.xcconfig"; path = "Target Support Files/Pods-CollectionViewTesting/Pods-CollectionViewTesting.debug.xcconfig"; sourceTree = "<group>"; };
		D61F04BA25D3891D00A2BC05 /* CollectionViewTesting.app */ = {isa = PBXFileReference; explicitFileType = wrapper.application; includeInIndex = 0; path = CollectionViewTesting.app; sourceTree = BUILT_PRODUCTS_DIR; };
		D61F04BD25D3891D00A2BC05 /* AppDelegate.swift */ = {isa = PBXFileReference; lastKnownFileType = sourcecode.swift; path = AppDelegate.swift; sourceTree = "<group>"; };
		D61F04BF25D3891D00A2BC05 /* SceneDelegate.swift */ = {isa = PBXFileReference; lastKnownFileType = sourcecode.swift; path = SceneDelegate.swift; sourceTree = "<group>"; };
		D61F04C125D3891D00A2BC05 /* ViewController.swift */ = {isa = PBXFileReference; lastKnownFileType = sourcecode.swift; path = ViewController.swift; sourceTree = "<group>"; };
		D61F04C425D3891D00A2BC05 /* Base */ = {isa = PBXFileReference; lastKnownFileType = file.storyboard; name = Base; path = Base.lproj/Main.storyboard; sourceTree = "<group>"; };
		D61F04C625D3891D00A2BC05 /* Assets.xcassets */ = {isa = PBXFileReference; lastKnownFileType = folder.assetcatalog; path = Assets.xcassets; sourceTree = "<group>"; };
		D61F04C925D3891D00A2BC05 /* Base */ = {isa = PBXFileReference; lastKnownFileType = file.storyboard; name = Base; path = Base.lproj/LaunchScreen.storyboard; sourceTree = "<group>"; };
		D61F04CB25D3891D00A2BC05 /* Info.plist */ = {isa = PBXFileReference; lastKnownFileType = text.plist.xml; path = Info.plist; sourceTree = "<group>"; };
		D61F04D625D38A0700A2BC05 /* CollectionViewCell.swift */ = {isa = PBXFileReference; lastKnownFileType = sourcecode.swift; path = CollectionViewCell.swift; sourceTree = "<group>"; };
		D630114B267A760E00128ADA /* TableViewCell.swift */ = {isa = PBXFileReference; lastKnownFileType = sourcecode.swift; path = TableViewCell.swift; sourceTree = "<group>"; };
		D630114D267A978C00128ADA /* EventViewController.swift */ = {isa = PBXFileReference; lastKnownFileType = sourcecode.swift; path = EventViewController.swift; sourceTree = "<group>"; };
		D6301150267AA10800128ADA /* Event.swift */ = {isa = PBXFileReference; lastKnownFileType = sourcecode.swift; path = Event.swift; sourceTree = "<group>"; };
		D673DA0425D486AA009C56EF /* CalendarHelper.swift */ = {isa = PBXFileReference; lastKnownFileType = sourcecode.swift; path = CalendarHelper.swift; sourceTree = "<group>"; };
		D6BE7AAE26A642E300498ECB /* SettingsViewController.swift */ = {isa = PBXFileReference; lastKnownFileType = sourcecode.swift; path = SettingsViewController.swift; sourceTree = "<group>"; };
		D6BE7AB026A6479000498ECB /* LogInViewController.swift */ = {isa = PBXFileReference; lastKnownFileType = sourcecode.swift; path = LogInViewController.swift; sourceTree = "<group>"; };
		D6BE7AB226A8B54500498ECB /* AccountInfoViewController.swift */ = {isa = PBXFileReference; lastKnownFileType = sourcecode.swift; path = AccountInfoViewController.swift; sourceTree = "<group>"; };
		D6BE7AB426C1981400498ECB /* GoogleService-Info.plist */ = {isa = PBXFileReference; fileEncoding = 4; lastKnownFileType = text.plist.xml; path = "GoogleService-Info.plist"; sourceTree = "<group>"; };
		D6DAA77626951D55005B7D6B /* SignInViewController.swift */ = {isa = PBXFileReference; lastKnownFileType = sourcecode.swift; path = SignInViewController.swift; sourceTree = "<group>"; };
		E5BFA0924EBA89551B9722A9 /* Pods-CollectionViewTesting.release.xcconfig */ = {isa = PBXFileReference; includeInIndex = 1; lastKnownFileType = text.xcconfig; name = "Pods-CollectionViewTesting.release.xcconfig"; path = "Target Support Files/Pods-CollectionViewTesting/Pods-CollectionViewTesting.release.xcconfig"; sourceTree = "<group>"; };
/* End PBXFileReference section */

/* Begin PBXFrameworksBuildPhase section */
		D61F04B725D3891D00A2BC05 /* Frameworks */ = {
			isa = PBXFrameworksBuildPhase;
			buildActionMask = 2147483647;
			files = (
				96249C91044FABE64D529D64 /* Pods_CollectionViewTesting.framework in Frameworks */,
			);
			runOnlyForDeploymentPostprocessing = 0;
		};
/* End PBXFrameworksBuildPhase section */

/* Begin PBXGroup section */
		24F5400AEB36E04829992CDD /* Frameworks */ = {
			isa = PBXGroup;
			children = (
				1667F77E508EF763FA67258D /* Pods_CollectionViewTesting.framework */,
			);
			name = Frameworks;
			sourceTree = "<group>";
		};
		4C166D13063B3BBE31B81EE3 /* Pods */ = {
			isa = PBXGroup;
			children = (
				3ECB4EEE11782D1D12547265 /* Pods-CollectionViewTesting.debug.xcconfig */,
				E5BFA0924EBA89551B9722A9 /* Pods-CollectionViewTesting.release.xcconfig */,
			);
			path = Pods;
			sourceTree = "<group>";
		};
		D61F04B125D3891C00A2BC05 = {
			isa = PBXGroup;
			children = (
				D61F04BC25D3891D00A2BC05 /* CollectionViewTesting */,
				D61F04BB25D3891D00A2BC05 /* Products */,
				4C166D13063B3BBE31B81EE3 /* Pods */,
				24F5400AEB36E04829992CDD /* Frameworks */,
			);
			sourceTree = "<group>";
		};
		D61F04BB25D3891D00A2BC05 /* Products */ = {
			isa = PBXGroup;
			children = (
				D61F04BA25D3891D00A2BC05 /* CollectionViewTesting.app */,
			);
			name = Products;
			sourceTree = "<group>";
		};
		D61F04BC25D3891D00A2BC05 /* CollectionViewTesting */ = {
			isa = PBXGroup;
			children = (
				D69CDA4525E075D0001F03AF /* OtherStuff */,
				D69CDA4425E07595001F03AF /* Model */,
				D69CDA4325E07584001F03AF /* Controller */,
				D69CDA4125E0755A001F03AF /* View */,
				D61F04CB25D3891D00A2BC05 /* Info.plist */,
				D6BE7AB426C1981400498ECB /* GoogleService-Info.plist */,
			);
			path = CollectionViewTesting;
			sourceTree = "<group>";
		};
		D69CDA4125E0755A001F03AF /* View */ = {
			isa = PBXGroup;
			children = (
				D61F04C125D3891D00A2BC05 /* ViewController.swift */,
				D630114D267A978C00128ADA /* EventViewController.swift */,
				D6DAA77626951D55005B7D6B /* SignInViewController.swift */,
				D61F04C325D3891D00A2BC05 /* Main.storyboard */,
				D6BE7AB226A8B54500498ECB /* AccountInfoViewController.swift */,
				D6BE7AAE26A642E300498ECB /* SettingsViewController.swift */,
				D6BE7AB026A6479000498ECB /* LogInViewController.swift */,
				D61F04C825D3891D00A2BC05 /* LaunchScreen.storyboard */,
			);
			path = View;
			sourceTree = "<group>";
		};
		D69CDA4325E07584001F03AF /* Controller */ = {
			isa = PBXGroup;
			children = (
				D61F04D625D38A0700A2BC05 /* CollectionViewCell.swift */,
				D630114B267A760E00128ADA /* TableViewCell.swift */,
			);
			path = Controller;
			sourceTree = "<group>";
		};
		D69CDA4425E07595001F03AF /* Model */ = {
			isa = PBXGroup;
			children = (
				D673DA0425D486AA009C56EF /* CalendarHelper.swift */,
				D6301150267AA10800128ADA /* Event.swift */,
			);
			path = Model;
			sourceTree = "<group>";
		};
		D69CDA4525E075D0001F03AF /* OtherStuff */ = {
			isa = PBXGroup;
			children = (
				D61F04BD25D3891D00A2BC05 /* AppDelegate.swift */,
				D61F04BF25D3891D00A2BC05 /* SceneDelegate.swift */,
				D61F04C625D3891D00A2BC05 /* Assets.xcassets */,
			);
			path = OtherStuff;
			sourceTree = "<group>";
		};
/* End PBXGroup section */

/* Begin PBXNativeTarget section */
		D61F04B925D3891D00A2BC05 /* CollectionViewTesting */ = {
			isa = PBXNativeTarget;
			buildConfigurationList = D61F04CE25D3891D00A2BC05 /* Build configuration list for PBXNativeTarget "CollectionViewTesting" */;
			buildPhases = (
				8583A6E58BFDCF5801C7A20A /* [CP] Check Pods Manifest.lock */,
				D61F04B625D3891D00A2BC05 /* Sources */,
				D61F04B725D3891D00A2BC05 /* Frameworks */,
				D61F04B825D3891D00A2BC05 /* Resources */,
				761E73E1C890BDE366EF5749 /* [CP] Embed Pods Frameworks */,
			);
			buildRules = (
			);
			dependencies = (
			);
			name = CollectionViewTesting;
			productName = CollectionViewTesting;
			productReference = D61F04BA25D3891D00A2BC05 /* CollectionViewTesting.app */;
			productType = "com.apple.product-type.application";
		};
/* End PBXNativeTarget section */

/* Begin PBXProject section */
		D61F04B225D3891C00A2BC05 /* Project object */ = {
			isa = PBXProject;
			attributes = {
				LastSwiftUpdateCheck = 1240;
				LastUpgradeCheck = 1240;
				TargetAttributes = {
					D61F04B925D3891D00A2BC05 = {
						CreatedOnToolsVersion = 12.4;
					};
				};
			};
			buildConfigurationList = D61F04B525D3891C00A2BC05 /* Build configuration list for PBXProject "CollectionViewTesting" */;
			compatibilityVersion = "Xcode 9.3";
			developmentRegion = en;
			hasScannedForEncodings = 0;
			knownRegions = (
				en,
				Base,
			);
			mainGroup = D61F04B125D3891C00A2BC05;
			productRefGroup = D61F04BB25D3891D00A2BC05 /* Products */;
			projectDirPath = "";
			projectRoot = "";
			targets = (
				D61F04B925D3891D00A2BC05 /* CollectionViewTesting */,
			);
		};
/* End PBXProject section */

/* Begin PBXResourcesBuildPhase section */
		D61F04B825D3891D00A2BC05 /* Resources */ = {
			isa = PBXResourcesBuildPhase;
			buildActionMask = 2147483647;
			files = (
				D61F04CA25D3891D00A2BC05 /* LaunchScreen.storyboard in Resources */,
				D6BE7AB526C1981400498ECB /* GoogleService-Info.plist in Resources */,
				D61F04C725D3891D00A2BC05 /* Assets.xcassets in Resources */,
				D61F04C525D3891D00A2BC05 /* Main.storyboard in Resources */,
			);
			runOnlyForDeploymentPostprocessing = 0;
		};
/* End PBXResourcesBuildPhase section */

/* Begin PBXShellScriptBuildPhase section */
		761E73E1C890BDE366EF5749 /* [CP] Embed Pods Frameworks */ = {
			isa = PBXShellScriptBuildPhase;
			buildActionMask = 2147483647;
			files = (
			);
			inputFileListPaths = (
				"${PODS_ROOT}/Target Support Files/Pods-CollectionViewTesting/Pods-CollectionViewTesting-frameworks-${CONFIGURATION}-input-files.xcfilelist",
			);
			name = "[CP] Embed Pods Frameworks";
			outputFileListPaths = (
				"${PODS_ROOT}/Target Support Files/Pods-CollectionViewTesting/Pods-CollectionViewTesting-frameworks-${CONFIGURATION}-output-files.xcfilelist",
			);
			runOnlyForDeploymentPostprocessing = 0;
			shellPath = /bin/sh;
			shellScript = "\"${PODS_ROOT}/Target Support Files/Pods-CollectionViewTesting/Pods-CollectionViewTesting-frameworks.sh\"\n";
			showEnvVarsInLog = 0;
		};
		8583A6E58BFDCF5801C7A20A /* [CP] Check Pods Manifest.lock */ = {
			isa = PBXShellScriptBuildPhase;
			buildActionMask = 2147483647;
			files = (
			);
			inputFileListPaths = (
			);
			inputPaths = (
				"${PODS_PODFILE_DIR_PATH}/Podfile.lock",
				"${PODS_ROOT}/Manifest.lock",
			);
			name = "[CP] Check Pods Manifest.lock";
			outputFileListPaths = (
			);
			outputPaths = (
				"$(DERIVED_FILE_DIR)/Pods-CollectionViewTesting-checkManifestLockResult.txt",
			);
			runOnlyForDeploymentPostprocessing = 0;
			shellPath = /bin/sh;
			shellScript = "diff \"${PODS_PODFILE_DIR_PATH}/Podfile.lock\" \"${PODS_ROOT}/Manifest.lock\" > /dev/null\nif [ $? != 0 ] ; then\n    # print error to STDERR\n    echo \"error: The sandbox is not in sync with the Podfile.lock. Run 'pod install' or update your CocoaPods installation.\" >&2\n    exit 1\nfi\n# This output is used by Xcode 'outputs' to avoid re-running this script phase.\necho \"SUCCESS\" > \"${SCRIPT_OUTPUT_FILE_0}\"\n";
			showEnvVarsInLog = 0;
		};
/* End PBXShellScriptBuildPhase section */

/* Begin PBXSourcesBuildPhase section */
		D61F04B625D3891D00A2BC05 /* Sources */ = {
			isa = PBXSourcesBuildPhase;
			buildActionMask = 2147483647;
			files = (
				D6301151267AA10800128ADA /* Event.swift in Sources */,
				D673DA0525D486AA009C56EF /* CalendarHelper.swift in Sources */,
				D6BE7AB326A8B54500498ECB /* AccountInfoViewController.swift in Sources */,
				D6BE7AB126A6479000498ECB /* LogInViewController.swift in Sources */,
				D6DAA77726951D55005B7D6B /* SignInViewController.swift in Sources */,
				D6BE7AAF26A642E300498ECB /* SettingsViewController.swift in Sources */,
				D61F04C225D3891D00A2BC05 /* ViewController.swift in Sources */,
				D630114E267A978C00128ADA /* EventViewController.swift in Sources */,
				D61F04BE25D3891D00A2BC05 /* AppDelegate.swift in Sources */,
				D630114C267A760E00128ADA /* TableViewCell.swift in Sources */,
				D61F04D725D38A0700A2BC05 /* CollectionViewCell.swift in Sources */,
				D61F04C025D3891D00A2BC05 /* SceneDelegate.swift in Sources */,
			);
			runOnlyForDeploymentPostprocessing = 0;
		};
/* End PBXSourcesBuildPhase section */

/* Begin PBXVariantGroup section */
		D61F04C325D3891D00A2BC05 /* Main.storyboard */ = {
			isa = PBXVariantGroup;
			children = (
				D61F04C425D3891D00A2BC05 /* Base */,
			);
			name = Main.storyboard;
			sourceTree = "<group>";
		};
		D61F04C825D3891D00A2BC05 /* LaunchScreen.storyboard */ = {
			isa = PBXVariantGroup;
			children = (
				D61F04C925D3891D00A2BC05 /* Base */,
			);
			name = LaunchScreen.storyboard;
			sourceTree = "<group>";
		};
/* End PBXVariantGroup section */

/* Begin XCBuildConfiguration section */
		D61F04CC25D3891D00A2BC05 /* Debug */ = {
			isa = XCBuildConfiguration;
			buildSettings = {
				ALWAYS_SEARCH_USER_PATHS = NO;
				CLANG_ANALYZER_NONNULL = YES;
				CLANG_ANALYZER_NUMBER_OBJECT_CONVERSION = YES_AGGRESSIVE;
				CLANG_CXX_LANGUAGE_STANDARD = "gnu++14";
				CLANG_CXX_LIBRARY = "libc++";
				CLANG_ENABLE_MODULES = YES;
				CLANG_ENABLE_OBJC_ARC = YES;
				CLANG_ENABLE_OBJC_WEAK = YES;
				CLANG_WARN_BLOCK_CAPTURE_AUTORELEASING = YES;
				CLANG_WARN_BOOL_CONVERSION = YES;
				CLANG_WARN_COMMA = YES;
				CLANG_WARN_CONSTANT_CONVERSION = YES;
				CLANG_WARN_DEPRECATED_OBJC_IMPLEMENTATIONS = YES;
				CLANG_WARN_DIRECT_OBJC_ISA_USAGE = YES_ERROR;
				CLANG_WARN_DOCUMENTATION_COMMENTS = YES;
				CLANG_WARN_EMPTY_BODY = YES;
				CLANG_WARN_ENUM_CONVERSION = YES;
				CLANG_WARN_INFINITE_RECURSION = YES;
				CLANG_WARN_INT_CONVERSION = YES;
				CLANG_WARN_NON_LITERAL_NULL_CONVERSION = YES;
				CLANG_WARN_OBJC_IMPLICIT_RETAIN_SELF = YES;
				CLANG_WARN_OBJC_LITERAL_CONVERSION = YES;
				CLANG_WARN_OBJC_ROOT_CLASS = YES_ERROR;
				CLANG_WARN_QUOTED_INCLUDE_IN_FRAMEWORK_HEADER = YES;
				CLANG_WARN_RANGE_LOOP_ANALYSIS = YES;
				CLANG_WARN_STRICT_PROTOTYPES = YES;
				CLANG_WARN_SUSPICIOUS_MOVE = YES;
				CLANG_WARN_UNGUARDED_AVAILABILITY = YES_AGGRESSIVE;
				CLANG_WARN_UNREACHABLE_CODE = YES;
				CLANG_WARN__DUPLICATE_METHOD_MATCH = YES;
				COPY_PHASE_STRIP = NO;
				DEBUG_INFORMATION_FORMAT = dwarf;
				ENABLE_STRICT_OBJC_MSGSEND = YES;
				ENABLE_TESTABILITY = YES;
				GCC_C_LANGUAGE_STANDARD = gnu11;
				GCC_DYNAMIC_NO_PIC = NO;
				GCC_NO_COMMON_BLOCKS = YES;
				GCC_OPTIMIZATION_LEVEL = 0;
				GCC_PREPROCESSOR_DEFINITIONS = (
					"DEBUG=1",
					"$(inherited)",
				);
				GCC_WARN_64_TO_32_BIT_CONVERSION = YES;
				GCC_WARN_ABOUT_RETURN_TYPE = YES_ERROR;
				GCC_WARN_UNDECLARED_SELECTOR = YES;
				GCC_WARN_UNINITIALIZED_AUTOS = YES_AGGRESSIVE;
				GCC_WARN_UNUSED_FUNCTION = YES;
				GCC_WARN_UNUSED_VARIABLE = YES;
				IPHONEOS_DEPLOYMENT_TARGET = 14.4;
				MTL_ENABLE_DEBUG_INFO = INCLUDE_SOURCE;
				MTL_FAST_MATH = YES;
				ONLY_ACTIVE_ARCH = YES;
				SDKROOT = iphoneos;
				SWIFT_ACTIVE_COMPILATION_CONDITIONS = DEBUG;
				SWIFT_OPTIMIZATION_LEVEL = "-Onone";
			};
			name = Debug;
		};
		D61F04CD25D3891D00A2BC05 /* Release */ = {
			isa = XCBuildConfiguration;
			buildSettings = {
				ALWAYS_SEARCH_USER_PATHS = NO;
				CLANG_ANALYZER_NONNULL = YES;
				CLANG_ANALYZER_NUMBER_OBJECT_CONVERSION = YES_AGGRESSIVE;
				CLANG_CXX_LANGUAGE_STANDARD = "gnu++14";
				CLANG_CXX_LIBRARY = "libc++";
				CLANG_ENABLE_MODULES = YES;
				CLANG_ENABLE_OBJC_ARC = YES;
				CLANG_ENABLE_OBJC_WEAK = YES;
				CLANG_WARN_BLOCK_CAPTURE_AUTORELEASING = YES;
				CLANG_WARN_BOOL_CONVERSION = YES;
				CLANG_WARN_COMMA = YES;
				CLANG_WARN_CONSTANT_CONVERSION = YES;
				CLANG_WARN_DEPRECATED_OBJC_IMPLEMENTATIONS = YES;
				CLANG_WARN_DIRECT_OBJC_ISA_USAGE = YES_ERROR;
				CLANG_WARN_DOCUMENTATION_COMMENTS = YES;
				CLANG_WARN_EMPTY_BODY = YES;
				CLANG_WARN_ENUM_CONVERSION = YES;
				CLANG_WARN_INFINITE_RECURSION = YES;
				CLANG_WARN_INT_CONVERSION = YES;
				CLANG_WARN_NON_LITERAL_NULL_CONVERSION = YES;
				CLANG_WARN_OBJC_IMPLICIT_RETAIN_SELF = YES;
				CLANG_WARN_OBJC_LITERAL_CONVERSION = YES;
				CLANG_WARN_OBJC_ROOT_CLASS = YES_ERROR;
				CLANG_WARN_QUOTED_INCLUDE_IN_FRAMEWORK_HEADER = YES;
				CLANG_WARN_RANGE_LOOP_ANALYSIS = YES;
				CLANG_WARN_STRICT_PROTOTYPES = YES;
				CLANG_WARN_SUSPICIOUS_MOVE = YES;
				CLANG_WARN_UNGUARDED_AVAILABILITY = YES_AGGRESSIVE;
				CLANG_WARN_UNREACHABLE_CODE = YES;
				CLANG_WARN__DUPLICATE_METHOD_MATCH = YES;
				COPY_PHASE_STRIP = NO;
				DEBUG_INFORMATION_FORMAT = "dwarf-with-dsym";
				ENABLE_NS_ASSERTIONS = NO;
				ENABLE_STRICT_OBJC_MSGSEND = YES;
				GCC_C_LANGUAGE_STANDARD = gnu11;
				GCC_NO_COMMON_BLOCKS = YES;
				GCC_WARN_64_TO_32_BIT_CONVERSION = YES;
				GCC_WARN_ABOUT_RETURN_TYPE = YES_ERROR;
				GCC_WARN_UNDECLARED_SELECTOR = YES;
				GCC_WARN_UNINITIALIZED_AUTOS = YES_AGGRESSIVE;
				GCC_WARN_UNUSED_FUNCTION = YES;
				GCC_WARN_UNUSED_VARIABLE = YES;
				IPHONEOS_DEPLOYMENT_TARGET = 14.4;
				MTL_ENABLE_DEBUG_INFO = NO;
				MTL_FAST_MATH = YES;
				SDKROOT = iphoneos;
				SWIFT_COMPILATION_MODE = wholemodule;
				SWIFT_OPTIMIZATION_LEVEL = "-O";
				VALIDATE_PRODUCT = YES;
			};
			name = Release;
		};
		D61F04CF25D3891D00A2BC05 /* Debug */ = {
			isa = XCBuildConfiguration;
			baseConfigurationReference = 3ECB4EEE11782D1D12547265 /* Pods-CollectionViewTesting.debug.xcconfig */;
			buildSettings = {
				ASSETCATALOG_COMPILER_APPICON_NAME = AppIcon;
				ASSETCATALOG_COMPILER_GLOBAL_ACCENT_COLOR_NAME = AccentColor;
				CODE_SIGN_STYLE = Automatic;
				DEVELOPMENT_TEAM = VCD8J5RPNC;
				INFOPLIST_FILE = CollectionViewTesting/Info.plist;
				LD_RUNPATH_SEARCH_PATHS = (
					"$(inherited)",
					"@executable_path/Frameworks",
				);
				PRODUCT_BUNDLE_IDENTIFIER = JoyE.CollectionViewTesting;
				PRODUCT_NAME = "$(TARGET_NAME)";
				SWIFT_VERSION = 5.0;
				TARGETED_DEVICE_FAMILY = "1,2";
			};
			name = Debug;
		};
		D61F04D025D3891D00A2BC05 /* Release */ = {
			isa = XCBuildConfiguration;
			baseConfigurationReference = E5BFA0924EBA89551B9722A9 /* Pods-CollectionViewTesting.release.xcconfig */;
			buildSettings = {
				ASSETCATALOG_COMPILER_APPICON_NAME = AppIcon;
				ASSETCATALOG_COMPILER_GLOBAL_ACCENT_COLOR_NAME = AccentColor;
				CODE_SIGN_STYLE = Automatic;
				DEVELOPMENT_TEAM = VCD8J5RPNC;
				INFOPLIST_FILE = CollectionViewTesting/Info.plist;
				LD_RUNPATH_SEARCH_PATHS = (
					"$(inherited)",
					"@executable_path/Frameworks",
				);
				PRODUCT_BUNDLE_IDENTIFIER = JoyE.CollectionViewTesting;
				PRODUCT_NAME = "$(TARGET_NAME)";
				SWIFT_VERSION = 5.0;
				TARGETED_DEVICE_FAMILY = "1,2";
			};
			name = Release;
		};
/* End XCBuildConfiguration section */

/* Begin XCConfigurationList section */
		D61F04B525D3891C00A2BC05 /* Build configuration list for PBXProject "CollectionViewTesting" */ = {
			isa = XCConfigurationList;
			buildConfigurations = (
				D61F04CC25D3891D00A2BC05 /* Debug */,
				D61F04CD25D3891D00A2BC05 /* Release */,
			);
			defaultConfigurationIsVisible = 0;
			defaultConfigurationName = Release;
		};
		D61F04CE25D3891D00A2BC05 /* Build configuration list for PBXNativeTarget "CollectionViewTesting" */ = {
			isa = XCConfigurationList;
			buildConfigurations = (
				D61F04CF25D3891D00A2BC05 /* Debug */,
				D61F04D025D3891D00A2BC05 /* Release */,
			);
			defaultConfigurationIsVisible = 0;
			defaultConfigurationName = Release;
		};
/* End XCConfigurationList section */
	};
	rootObject = D61F04B225D3891C00A2BC05 /* Project object */;
}
