// !$*UTF8*$!
{
	archiveVersion = 1;
	classes = {
	};
	objectVersion = 54;
	objects = {

/* Begin PBXBuildFile section */
		D601AF412E7B540400DC774A /* GenericTCB.swift in Sources */ = {isa = PBXBuildFile; fileRef = D601AF3F2E7B540400DC774A /* GenericTCB.swift */; };
		D601AF422E7B540400DC774A /* GenericTCB.xib in Resources */ = {isa = PBXBuildFile; fileRef = D601AF402E7B540400DC774A /* GenericTCB.xib */; };
		D601AF442E7B8F6000DC774A /* groupPendingEvent.swift in Sources */ = {isa = PBXBuildFile; fileRef = D601AF432E7B8F5800DC774A /* groupPendingEvent.swift */; };
		D6020EFB2CB7770C0090231D /* EmptyFriendsTableViewCell.xib in Resources */ = {isa = PBXBuildFile; fileRef = D6020EFA2CB7770C0090231D /* EmptyFriendsTableViewCell.xib */; };
		D6020EFC2CB7770C0090231D /* EmptyFriendsTableViewCell.swift in Sources */ = {isa = PBXBuildFile; fileRef = D6020EF92CB7770C0090231D /* EmptyFriendsTableViewCell.swift */; };
		D60EEE2E2E6F634400E113F5 /* userPendingGroups.swift in Sources */ = {isa = PBXBuildFile; fileRef = D60EEE2D2E6F633F00E113F5 /* userPendingGroups.swift */; };
		D61053702E5D0ABC00E439B1 /* userGroup.swift in Sources */ = {isa = PBXBuildFile; fileRef = D610536F2E5D0AB000E439B1 /* userGroup.swift */; };
		D61053722E5E277300E439B1 /* userEvent.swift in Sources */ = {isa = PBXBuildFile; fileRef = D61053712E5E276E00E439B1 /* userEvent.swift */; };
		D61053742E5E28BD00E439B1 /* groupEvent.swift in Sources */ = {isa = PBXBuildFile; fileRef = D61053732E5E28A900E439B1 /* groupEvent.swift */; };
		D61053772E5E2E4400E439B1 /* userFriend.swift in Sources */ = {isa = PBXBuildFile; fileRef = D61053762E5E2E4100E439B1 /* userFriend.swift */; };
		D6105E922E693D0B009145AD /* GenericTable.swift in Sources */ = {isa = PBXBuildFile; fileRef = D6105E8C2E693D0B009145AD /* GenericTable.swift */; };
		D6105E932E693D0B009145AD /* GenericTableWithHeader.swift in Sources */ = {isa = PBXBuildFile; fileRef = D6105E8E2E693D0B009145AD /* GenericTableWithHeader.swift */; };
		D6105E942E693D0B009145AD /* GroupViewController.swift in Sources */ = {isa = PBXBuildFile; fileRef = D6105E902E693D0B009145AD /* GroupViewController.swift */; };
		D6105E952E693D0B009145AD /* GenericTableWithHeader.xib in Resources */ = {isa = PBXBuildFile; fileRef = D6105E8F2E693D0B009145AD /* GenericTableWithHeader.xib */; };
		D6105E962E693D0B009145AD /* GroupViewController.xib in Resources */ = {isa = PBXBuildFile; fileRef = D6105E912E693D0B009145AD /* GroupViewController.xib */; };
		D6105E972E693D0B009145AD /* GenericTable.xib in Resources */ = {isa = PBXBuildFile; fileRef = D6105E8D2E693D0B009145AD /* GenericTable.xib */; };
		D61221632CB5E3720050B22C /* DatabaseManagerForSignUpandLogin.swift in Sources */ = {isa = PBXBuildFile; fileRef = D61221622CB5E3600050B22C /* DatabaseManagerForSignUpandLogin.swift */; };
		D61221652CB5E9AA0050B22C /* UDM.swift in Sources */ = {isa = PBXBuildFile; fileRef = D61221642CB5E9A60050B22C /* UDM.swift */; };
		D612CC4C2CD05D71009B40C8 /* Friend.swift in Sources */ = {isa = PBXBuildFile; fileRef = D612CC4B2CD05D71009B40C8 /* Friend.swift */; };
		D615A04E2B6C43F5006C0822 /* CollectionViewCellForEventDuration.swift in Sources */ = {isa = PBXBuildFile; fileRef = D615A04C2B6C43F5006C0822 /* CollectionViewCellForEventDuration.swift */; };
		D615A04F2B6C43F5006C0822 /* CollectionViewCellForEventDuration.xib in Resources */ = {isa = PBXBuildFile; fileRef = D615A04D2B6C43F5006C0822 /* CollectionViewCellForEventDuration.xib */; };
		D61C37322B2BC10D00AB705A /* weekNumberForEventDuration.swift in Sources */ = {isa = PBXBuildFile; fileRef = D61C37302B2BC10D00AB705A /* weekNumberForEventDuration.swift */; };
		D61C37332B2BC10D00AB705A /* weekNumberForEventDuration.xib in Resources */ = {isa = PBXBuildFile; fileRef = D61C37312B2BC10D00AB705A /* weekNumberForEventDuration.xib */; };
		D61F04BE25D3891D00A2BC05 /* AppDelegate.swift in Sources */ = {isa = PBXBuildFile; fileRef = D61F04BD25D3891D00A2BC05 /* AppDelegate.swift */; };
		D61F04C025D3891D00A2BC05 /* SceneDelegate.swift in Sources */ = {isa = PBXBuildFile; fileRef = D61F04BF25D3891D00A2BC05 /* SceneDelegate.swift */; };
		D61F04C225D3891D00A2BC05 /* CalendarViewController.swift in Sources */ = {isa = PBXBuildFile; fileRef = D61F04C125D3891D00A2BC05 /* CalendarViewController.swift */; };
		D61F04C525D3891D00A2BC05 /* Main.storyboard in Resources */ = {isa = PBXBuildFile; fileRef = D61F04C325D3891D00A2BC05 /* Main.storyboard */; };
		D61F04C725D3891D00A2BC05 /* Assets.xcassets in Resources */ = {isa = PBXBuildFile; fileRef = D61F04C625D3891D00A2BC05 /* Assets.xcassets */; };
		D61F04CA25D3891D00A2BC05 /* LaunchScreen.storyboard in Resources */ = {isa = PBXBuildFile; fileRef = D61F04C825D3891D00A2BC05 /* LaunchScreen.storyboard */; };
		D62335592CBDE42500FEC65A /* FriendReqTableViewCell.swift in Sources */ = {isa = PBXBuildFile; fileRef = D62335572CBDE42500FEC65A /* FriendReqTableViewCell.swift */; };
		D623355A2CBDE42500FEC65A /* FriendReqTableViewCell.xib in Resources */ = {isa = PBXBuildFile; fileRef = D62335582CBDE42500FEC65A /* FriendReqTableViewCell.xib */; };
		D62741732E7870E10057865F /* NewGroupViewController.swift in Sources */ = {isa = PBXBuildFile; fileRef = D62741712E7870E10057865F /* NewGroupViewController.swift */; };
		D62741742E7870E10057865F /* NewGroupViewController.xib in Resources */ = {isa = PBXBuildFile; fileRef = D62741722E7870E10057865F /* NewGroupViewController.xib */; };
		D627D4D32E598CB4003E5E9A /* HomeViewController.swift in Sources */ = {isa = PBXBuildFile; fileRef = D627D4D22E598CA5003E5E9A /* HomeViewController.swift */; };
		D629397F27B2F87F00BF4FC8 /* GoogleService-Info.plist in Resources */ = {isa = PBXBuildFile; fileRef = D629397E27B2F87F00BF4FC8 /* GoogleService-Info.plist */; };
		D630114E267A978C00128ADA /* EventViewController.swift in Sources */ = {isa = PBXBuildFile; fileRef = D630114D267A978C00128ADA /* EventViewController.swift */; };
		D6301151267AA10800128ADA /* Event.swift in Sources */ = {isa = PBXBuildFile; fileRef = D6301150267AA10800128ADA /* Event.swift */; };
		D63328CB2E6A30E300909A69 /* GenericTCA.swift in Sources */ = {isa = PBXBuildFile; fileRef = D63328C92E6A30E300909A69 /* GenericTCA.swift */; };
		D63328CC2E6A30E300909A69 /* GenericTCA.xib in Resources */ = {isa = PBXBuildFile; fileRef = D63328CA2E6A30E300909A69 /* GenericTCA.xib */; };
		D63F4F332E5A505D008304A6 /* Group.swift in Sources */ = {isa = PBXBuildFile; fileRef = D63F4F322E5A5059008304A6 /* Group.swift */; };
		D63F4F372E5AD1D1008304A6 /* Notification.swift in Sources */ = {isa = PBXBuildFile; fileRef = D63F4F362E5AD1C7008304A6 /* Notification.swift */; };
		D64566622C6FC10F00A8AF7B /* HeaderViewController.swift in Sources */ = {isa = PBXBuildFile; fileRef = D64566602C6FC10F00A8AF7B /* HeaderViewController.swift */; };
		D64566632C6FC10F00A8AF7B /* HeaderViewController.xib in Resources */ = {isa = PBXBuildFile; fileRef = D64566612C6FC10F00A8AF7B /* HeaderViewController.xib */; };
		D64566672C6FC8E000A8AF7B /* FriendsTableViewTableViewCell.swift in Sources */ = {isa = PBXBuildFile; fileRef = D64566652C6FC8E000A8AF7B /* FriendsTableViewTableViewCell.swift */; };
		D64566682C6FC8E000A8AF7B /* FriendsTableViewTableViewCell.xib in Resources */ = {isa = PBXBuildFile; fileRef = D64566662C6FC8E000A8AF7B /* FriendsTableViewTableViewCell.xib */; };
		D645666C2C6FCBFF00A8AF7B /* User.swift in Sources */ = {isa = PBXBuildFile; fileRef = D645666B2C6FCBFF00A8AF7B /* User.swift */; };
		D668826D2B6E156B00DE1726 /* EventDurationHelper.swift in Sources */ = {isa = PBXBuildFile; fileRef = D668826C2B6E156B00DE1726 /* EventDurationHelper.swift */; };
		D673DA0525D486AA009C56EF /* CalendarHelper.swift in Sources */ = {isa = PBXBuildFile; fileRef = D673DA0425D486AA009C56EF /* CalendarHelper.swift */; };
		D6981F2C2B2A55EF00FB823F /* SettingsViewController.swift in Sources */ = {isa = PBXBuildFile; fileRef = D6981F2B2B2A55EF00FB823F /* SettingsViewController.swift */; };
		D6A12A432CB866FF00BF2E88 /* FriendRequestViewController.swift in Sources */ = {isa = PBXBuildFile; fileRef = D6A12A422CB866FF00BF2E88 /* FriendRequestViewController.swift */; };
		D6B46CC92C70186E0050EDFB /* AddFriendViewController.swift in Sources */ = {isa = PBXBuildFile; fileRef = D6B46CC82C70186E0050EDFB /* AddFriendViewController.swift */; };
		D6B46CCB2C7050E30050EDFB /* DatabaseManagerForAddFriendViewController.swift in Sources */ = {isa = PBXBuildFile; fileRef = D6B46CCA2C7050E30050EDFB /* DatabaseManagerForAddFriendViewController.swift */; };
		D6B9A1452CD1E6F200946ACE /* UploadPhotoViewController.swift in Sources */ = {isa = PBXBuildFile; fileRef = D6B9A1442CD1E6F200946ACE /* UploadPhotoViewController.swift */; };
		D6B9A1472CD2948100946ACE /* PrivacyInfo.xcprivacy in Resources */ = {isa = PBXBuildFile; fileRef = D6B9A1462CD2948100946ACE /* PrivacyInfo.xcprivacy */; };
		D6BA94A82E78965B00E3F765 /* GroupEventsVC.xib in Resources */ = {isa = PBXBuildFile; fileRef = D6BA94A72E78965B00E3F765 /* GroupEventsVC.xib */; };
		D6BA94A92E78965B00E3F765 /* GroupEventsVC.swift in Sources */ = {isa = PBXBuildFile; fileRef = D6BA94A62E78965B00E3F765 /* GroupEventsVC.swift */; };
		D6BE7AB126A6479000498ECB /* LogInViewController.swift in Sources */ = {isa = PBXBuildFile; fileRef = D6BE7AB026A6479000498ECB /* LogInViewController.swift */; };
		D6BE7AB326A8B54500498ECB /* AccountInfoViewController.swift in Sources */ = {isa = PBXBuildFile; fileRef = D6BE7AB226A8B54500498ECB /* AccountInfoViewController.swift */; };
		D6BE7AB726C6D95200498ECB /* alertUser.swift in Sources */ = {isa = PBXBuildFile; fileRef = D6BE7AB626C6D95200498ECB /* alertUser.swift */; };
		D6BE7AB926C6DCE700498ECB /* DatabaseManagerForCollectionViewController.swift in Sources */ = {isa = PBXBuildFile; fileRef = D6BE7AB826C6DCE700498ECB /* DatabaseManagerForCollectionViewController.swift */; };
		D6D23CFE2756C95C00B0F210 /* SettingsHelper.swift in Sources */ = {isa = PBXBuildFile; fileRef = D6D23CFD2756C95C00B0F210 /* SettingsHelper.swift */; };
		D6D928272E68192B0072390C /* NotificationTableCell.xib in Resources */ = {isa = PBXBuildFile; fileRef = D6D928262E68192B0072390C /* NotificationTableCell.xib */; };
		D6D928282E68192B0072390C /* NotificationTableCell.swift in Sources */ = {isa = PBXBuildFile; fileRef = D6D928252E68192B0072390C /* NotificationTableCell.swift */; };
		D6DAA77726951D55005B7D6B /* SignUpViewController.swift in Sources */ = {isa = PBXBuildFile; fileRef = D6DAA77626951D55005B7D6B /* SignUpViewController.swift */; };
		D6DB6643278F96970087550C /* CalendarViewController_Navigation.swift in Sources */ = {isa = PBXBuildFile; fileRef = D6DB6642278F96970087550C /* CalendarViewController_Navigation.swift */; };
		D6DB6645278F96D40087550C /* CalendarViewController_Database.swift in Sources */ = {isa = PBXBuildFile; fileRef = D6DB6644278F96D40087550C /* CalendarViewController_Database.swift */; };
		D6DB6647278F970C0087550C /* CalendarViewController_ads.swift in Sources */ = {isa = PBXBuildFile; fileRef = D6DB6646278F970C0087550C /* CalendarViewController_ads.swift */; };
		D6DB6649278F975C0087550C /* CalendarViewController_CollectionView.swift in Sources */ = {isa = PBXBuildFile; fileRef = D6DB6648278F975C0087550C /* CalendarViewController_CollectionView.swift */; };
		D6DB664B278F97AB0087550C /* CalendarViewController_TableView.swift in Sources */ = {isa = PBXBuildFile; fileRef = D6DB664A278F97AB0087550C /* CalendarViewController_TableView.swift */; };
		D6E35C082852428D00D8B327 /* EventDurationTableViewCell.xib in Resources */ = {isa = PBXBuildFile; fileRef = D6E35C062852428C00D8B327 /* EventDurationTableViewCell.xib */; };
		D6E35C092852428D00D8B327 /* EventDurationTableViewCell.swift in Sources */ = {isa = PBXBuildFile; fileRef = D6E35C072852428D00D8B327 /* EventDurationTableViewCell.swift */; };
		D6E35C0B285242A000D8B327 /* customGesture.swift in Sources */ = {isa = PBXBuildFile; fileRef = D6E35C0A285242A000D8B327 /* customGesture.swift */; };
		D6E35C0D285242AD00D8B327 /* EventDurationViewController.swift in Sources */ = {isa = PBXBuildFile; fileRef = D6E35C0C285242AD00D8B327 /* EventDurationViewController.swift */; };
		D6EC825227470611002F7BA8 /* dotViewContainerReusableView.swift in Sources */ = {isa = PBXBuildFile; fileRef = D6EC825027470611002F7BA8 /* dotViewContainerReusableView.swift */; };
		D6EC825327470611002F7BA8 /* dotViewContainerReusableView.xib in Resources */ = {isa = PBXBuildFile; fileRef = D6EC825127470611002F7BA8 /* dotViewContainerReusableView.xib */; };
		D6F9C69A273DB6D3003298E1 /* CollectionViewCell.swift in Sources */ = {isa = PBXBuildFile; fileRef = D6F9C698273DB6D3003298E1 /* CollectionViewCell.swift */; };
		D6F9C69B273DB6D3003298E1 /* CollectionViewCell.xib in Resources */ = {isa = PBXBuildFile; fileRef = D6F9C699273DB6D3003298E1 /* CollectionViewCell.xib */; };
		D6F9C69E273DB712003298E1 /* TableViewCell.swift in Sources */ = {isa = PBXBuildFile; fileRef = D6F9C69C273DB712003298E1 /* TableViewCell.swift */; };
		D6F9C69F273DB712003298E1 /* TableViewCell.xib in Resources */ = {isa = PBXBuildFile; fileRef = D6F9C69D273DB712003298E1 /* TableViewCell.xib */; };
		D6F9C6A2273DFD4B003298E1 /* ColorPickerCell.swift in Sources */ = {isa = PBXBuildFile; fileRef = D6F9C6A0273DFD4B003298E1 /* ColorPickerCell.swift */; };
		D6F9C6A3273DFD4B003298E1 /* ColorPickerCell.xib in Resources */ = {isa = PBXBuildFile; fileRef = D6F9C6A1273DFD4B003298E1 /* ColorPickerCell.xib */; };
		D6F9C6A5273EFF03003298E1 /* Color.swift in Sources */ = {isa = PBXBuildFile; fileRef = D6F9C6A4273EFF03003298E1 /* Color.swift */; };
		D6FC107C2C6EAA6100BD4D00 /* YourFriendsViewController.swift in Sources */ = {isa = PBXBuildFile; fileRef = D6FC107B2C6EAA6100BD4D00 /* YourFriendsViewController.swift */; };
		EFC18ED9B2730D536A4E406E /* Pods_CollectionViewTesting.framework in Frameworks */ = {isa = PBXBuildFile; fileRef = 735B5D7DCACE5380F7718CDC /* Pods_CollectionViewTesting.framework */; };
/* End PBXBuildFile section */

/* Begin PBXFileReference section */
		735B5D7DCACE5380F7718CDC /* Pods_CollectionViewTesting.framework */ = {isa = PBXFileReference; explicitFileType = wrapper.framework; includeInIndex = 0; path = Pods_CollectionViewTesting.framework; sourceTree = BUILT_PRODUCTS_DIR; };
		7CF1FD251F2473728A7C1A73 /* Pods-CollectionViewTesting.release.xcconfig */ = {isa = PBXFileReference; includeInIndex = 1; lastKnownFileType = text.xcconfig; name = "Pods-CollectionViewTesting.release.xcconfig"; path = "Target Support Files/Pods-CollectionViewTesting/Pods-CollectionViewTesting.release.xcconfig"; sourceTree = "<group>"; };
		987C9BF11BE1AB7FB4148C73 /* Pods-CollectionViewTesting.debug.xcconfig */ = {isa = PBXFileReference; includeInIndex = 1; lastKnownFileType = text.xcconfig; name = "Pods-CollectionViewTesting.debug.xcconfig"; path = "Target Support Files/Pods-CollectionViewTesting/Pods-CollectionViewTesting.debug.xcconfig"; sourceTree = "<group>"; };
		D601AF3F2E7B540400DC774A /* GenericTCB.swift */ = {isa = PBXFileReference; lastKnownFileType = sourcecode.swift; path = GenericTCB.swift; sourceTree = "<group>"; };
		D601AF402E7B540400DC774A /* GenericTCB.xib */ = {isa = PBXFileReference; lastKnownFileType = file.xib; path = GenericTCB.xib; sourceTree = "<group>"; };
		D601AF432E7B8F5800DC774A /* groupPendingEvent.swift */ = {isa = PBXFileReference; lastKnownFileType = sourcecode.swift; path = groupPendingEvent.swift; sourceTree = "<group>"; };
		D6020EF92CB7770C0090231D /* EmptyFriendsTableViewCell.swift */ = {isa = PBXFileReference; lastKnownFileType = sourcecode.swift; path = EmptyFriendsTableViewCell.swift; sourceTree = "<group>"; };
		D6020EFA2CB7770C0090231D /* EmptyFriendsTableViewCell.xib */ = {isa = PBXFileReference; lastKnownFileType = file.xib; path = EmptyFriendsTableViewCell.xib; sourceTree = "<group>"; };
		D60EEE2D2E6F633F00E113F5 /* userPendingGroups.swift */ = {isa = PBXFileReference; lastKnownFileType = sourcecode.swift; path = userPendingGroups.swift; sourceTree = "<group>"; };
		D610536F2E5D0AB000E439B1 /* userGroup.swift */ = {isa = PBXFileReference; lastKnownFileType = sourcecode.swift; path = userGroup.swift; sourceTree = "<group>"; };
		D61053712E5E276E00E439B1 /* userEvent.swift */ = {isa = PBXFileReference; lastKnownFileType = sourcecode.swift; path = userEvent.swift; sourceTree = "<group>"; };
		D61053732E5E28A900E439B1 /* groupEvent.swift */ = {isa = PBXFileReference; lastKnownFileType = sourcecode.swift; path = groupEvent.swift; sourceTree = "<group>"; };
		D61053762E5E2E4100E439B1 /* userFriend.swift */ = {isa = PBXFileReference; lastKnownFileType = sourcecode.swift; path = userFriend.swift; sourceTree = "<group>"; };
		D6105E8C2E693D0B009145AD /* GenericTable.swift */ = {isa = PBXFileReference; lastKnownFileType = sourcecode.swift; path = GenericTable.swift; sourceTree = "<group>"; };
		D6105E8D2E693D0B009145AD /* GenericTable.xib */ = {isa = PBXFileReference; lastKnownFileType = file.xib; path = GenericTable.xib; sourceTree = "<group>"; };
		D6105E8E2E693D0B009145AD /* GenericTableWithHeader.swift */ = {isa = PBXFileReference; lastKnownFileType = sourcecode.swift; path = GenericTableWithHeader.swift; sourceTree = "<group>"; };
		D6105E8F2E693D0B009145AD /* GenericTableWithHeader.xib */ = {isa = PBXFileReference; lastKnownFileType = file.xib; path = GenericTableWithHeader.xib; sourceTree = "<group>"; };
		D6105E902E693D0B009145AD /* GroupViewController.swift */ = {isa = PBXFileReference; lastKnownFileType = sourcecode.swift; path = GroupViewController.swift; sourceTree = "<group>"; };
		D6105E912E693D0B009145AD /* GroupViewController.xib */ = {isa = PBXFileReference; lastKnownFileType = file.xib; path = GroupViewController.xib; sourceTree = "<group>"; };
		D61221622CB5E3600050B22C /* DatabaseManagerForSignUpandLogin.swift */ = {isa = PBXFileReference; lastKnownFileType = sourcecode.swift; path = DatabaseManagerForSignUpandLogin.swift; sourceTree = "<group>"; };
		D61221642CB5E9A60050B22C /* UDM.swift */ = {isa = PBXFileReference; lastKnownFileType = sourcecode.swift; path = UDM.swift; sourceTree = "<group>"; };
		D612CC4B2CD05D71009B40C8 /* Friend.swift */ = {isa = PBXFileReference; lastKnownFileType = sourcecode.swift; path = Friend.swift; sourceTree = "<group>"; };
		D615A04C2B6C43F5006C0822 /* CollectionViewCellForEventDuration.swift */ = {isa = PBXFileReference; lastKnownFileType = sourcecode.swift; path = CollectionViewCellForEventDuration.swift; sourceTree = "<group>"; };
		D615A04D2B6C43F5006C0822 /* CollectionViewCellForEventDuration.xib */ = {isa = PBXFileReference; lastKnownFileType = file.xib; path = CollectionViewCellForEventDuration.xib; sourceTree = "<group>"; };
		D61C37302B2BC10D00AB705A /* weekNumberForEventDuration.swift */ = {isa = PBXFileReference; lastKnownFileType = sourcecode.swift; path = weekNumberForEventDuration.swift; sourceTree = "<group>"; };
		D61C37312B2BC10D00AB705A /* weekNumberForEventDuration.xib */ = {isa = PBXFileReference; lastKnownFileType = file.xib; path = weekNumberForEventDuration.xib; sourceTree = "<group>"; };
		D61F04BA25D3891D00A2BC05 /* CollectionViewTesting.app */ = {isa = PBXFileReference; explicitFileType = wrapper.application; includeInIndex = 0; path = CollectionViewTesting.app; sourceTree = BUILT_PRODUCTS_DIR; };
		D61F04BD25D3891D00A2BC05 /* AppDelegate.swift */ = {isa = PBXFileReference; lastKnownFileType = sourcecode.swift; path = AppDelegate.swift; sourceTree = "<group>"; };
		D61F04BF25D3891D00A2BC05 /* SceneDelegate.swift */ = {isa = PBXFileReference; lastKnownFileType = sourcecode.swift; path = SceneDelegate.swift; sourceTree = "<group>"; };
		D61F04C125D3891D00A2BC05 /* CalendarViewController.swift */ = {isa = PBXFileReference; lastKnownFileType = sourcecode.swift; path = CalendarViewController.swift; sourceTree = "<group>"; };
		D61F04C425D3891D00A2BC05 /* Base */ = {isa = PBXFileReference; lastKnownFileType = file.storyboard; name = Base; path = Base.lproj/Main.storyboard; sourceTree = "<group>"; };
		D61F04C625D3891D00A2BC05 /* Assets.xcassets */ = {isa = PBXFileReference; lastKnownFileType = folder.assetcatalog; path = Assets.xcassets; sourceTree = "<group>"; };
		D61F04C925D3891D00A2BC05 /* Base */ = {isa = PBXFileReference; lastKnownFileType = file.storyboard; name = Base; path = Base.lproj/LaunchScreen.storyboard; sourceTree = "<group>"; };
		D61F04CB25D3891D00A2BC05 /* Info.plist */ = {isa = PBXFileReference; lastKnownFileType = text.plist.xml; path = Info.plist; sourceTree = "<group>"; };
		D62335572CBDE42500FEC65A /* FriendReqTableViewCell.swift */ = {isa = PBXFileReference; lastKnownFileType = sourcecode.swift; path = FriendReqTableViewCell.swift; sourceTree = "<group>"; };
		D62335582CBDE42500FEC65A /* FriendReqTableViewCell.xib */ = {isa = PBXFileReference; lastKnownFileType = file.xib; path = FriendReqTableViewCell.xib; sourceTree = "<group>"; };
		D62741712E7870E10057865F /* NewGroupViewController.swift */ = {isa = PBXFileReference; lastKnownFileType = sourcecode.swift; path = NewGroupViewController.swift; sourceTree = "<group>"; };
		D62741722E7870E10057865F /* NewGroupViewController.xib */ = {isa = PBXFileReference; lastKnownFileType = file.xib; path = NewGroupViewController.xib; sourceTree = "<group>"; };
		D627D4D22E598CA5003E5E9A /* HomeViewController.swift */ = {isa = PBXFileReference; lastKnownFileType = sourcecode.swift; path = HomeViewController.swift; sourceTree = "<group>"; };
		D629397E27B2F87F00BF4FC8 /* GoogleService-Info.plist */ = {isa = PBXFileReference; fileEncoding = 4; lastKnownFileType = text.plist.xml; path = "GoogleService-Info.plist"; sourceTree = "<group>"; };
		D630114D267A978C00128ADA /* EventViewController.swift */ = {isa = PBXFileReference; lastKnownFileType = sourcecode.swift; path = EventViewController.swift; sourceTree = "<group>"; };
		D6301150267AA10800128ADA /* Event.swift */ = {isa = PBXFileReference; lastKnownFileType = sourcecode.swift; path = Event.swift; sourceTree = "<group>"; };
		D63328C92E6A30E300909A69 /* GenericTCA.swift */ = {isa = PBXFileReference; lastKnownFileType = sourcecode.swift; path = GenericTCA.swift; sourceTree = "<group>"; };
		D63328CA2E6A30E300909A69 /* GenericTCA.xib */ = {isa = PBXFileReference; lastKnownFileType = file.xib; path = GenericTCA.xib; sourceTree = "<group>"; };
		D63F4F322E5A5059008304A6 /* Group.swift */ = {isa = PBXFileReference; lastKnownFileType = sourcecode.swift; path = Group.swift; sourceTree = "<group>"; };
		D63F4F362E5AD1C7008304A6 /* Notification.swift */ = {isa = PBXFileReference; lastKnownFileType = sourcecode.swift; path = Notification.swift; sourceTree = "<group>"; };
		D64566602C6FC10F00A8AF7B /* HeaderViewController.swift */ = {isa = PBXFileReference; lastKnownFileType = sourcecode.swift; path = HeaderViewController.swift; sourceTree = "<group>"; };
		D64566612C6FC10F00A8AF7B /* HeaderViewController.xib */ = {isa = PBXFileReference; lastKnownFileType = file.xib; path = HeaderViewController.xib; sourceTree = "<group>"; };
		D64566652C6FC8E000A8AF7B /* FriendsTableViewTableViewCell.swift */ = {isa = PBXFileReference; lastKnownFileType = sourcecode.swift; path = FriendsTableViewTableViewCell.swift; sourceTree = "<group>"; };
		D64566662C6FC8E000A8AF7B /* FriendsTableViewTableViewCell.xib */ = {isa = PBXFileReference; lastKnownFileType = file.xib; path = FriendsTableViewTableViewCell.xib; sourceTree = "<group>"; };
		D645666B2C6FCBFF00A8AF7B /* User.swift */ = {isa = PBXFileReference; lastKnownFileType = sourcecode.swift; path = User.swift; sourceTree = "<group>"; };
		D668826C2B6E156B00DE1726 /* EventDurationHelper.swift */ = {isa = PBXFileReference; lastKnownFileType = sourcecode.swift; path = EventDurationHelper.swift; sourceTree = "<group>"; };
		D66C32B827B44E4E00B0F5A8 /* CollectionViewTesting.entitlements */ = {isa = PBXFileReference; lastKnownFileType = text.plist.entitlements; path = CollectionViewTesting.entitlements; sourceTree = "<group>"; };
		D673DA0425D486AA009C56EF /* CalendarHelper.swift */ = {isa = PBXFileReference; lastKnownFileType = sourcecode.swift; path = CalendarHelper.swift; sourceTree = "<group>"; };
		D6981F2B2B2A55EF00FB823F /* SettingsViewController.swift */ = {isa = PBXFileReference; lastKnownFileType = sourcecode.swift; path = SettingsViewController.swift; sourceTree = "<group>"; };
		D6A12A422CB866FF00BF2E88 /* FriendRequestViewController.swift */ = {isa = PBXFileReference; lastKnownFileType = sourcecode.swift; path = FriendRequestViewController.swift; sourceTree = "<group>"; };
		D6B46CC82C70186E0050EDFB /* AddFriendViewController.swift */ = {isa = PBXFileReference; lastKnownFileType = sourcecode.swift; path = AddFriendViewController.swift; sourceTree = "<group>"; };
		D6B46CCA2C7050E30050EDFB /* DatabaseManagerForAddFriendViewController.swift */ = {isa = PBXFileReference; lastKnownFileType = sourcecode.swift; path = DatabaseManagerForAddFriendViewController.swift; sourceTree = "<group>"; };
		D6B9A1442CD1E6F200946ACE /* UploadPhotoViewController.swift */ = {isa = PBXFileReference; lastKnownFileType = sourcecode.swift; path = UploadPhotoViewController.swift; sourceTree = "<group>"; };
		D6B9A1462CD2948100946ACE /* PrivacyInfo.xcprivacy */ = {isa = PBXFileReference; lastKnownFileType = text.xml; path = PrivacyInfo.xcprivacy; sourceTree = "<group>"; };
		D6BA94A62E78965B00E3F765 /* GroupEventsVC.swift */ = {isa = PBXFileReference; lastKnownFileType = sourcecode.swift; path = GroupEventsVC.swift; sourceTree = "<group>"; };
		D6BA94A72E78965B00E3F765 /* GroupEventsVC.xib */ = {isa = PBXFileReference; lastKnownFileType = file.xib; path = GroupEventsVC.xib; sourceTree = "<group>"; };
		D6BE7AB026A6479000498ECB /* LogInViewController.swift */ = {isa = PBXFileReference; lastKnownFileType = sourcecode.swift; path = LogInViewController.swift; sourceTree = "<group>"; };
		D6BE7AB226A8B54500498ECB /* AccountInfoViewController.swift */ = {isa = PBXFileReference; lastKnownFileType = sourcecode.swift; path = AccountInfoViewController.swift; sourceTree = "<group>"; };
		D6BE7AB626C6D95200498ECB /* alertUser.swift */ = {isa = PBXFileReference; lastKnownFileType = sourcecode.swift; path = alertUser.swift; sourceTree = "<group>"; };
		D6BE7AB826C6DCE700498ECB /* DatabaseManagerForCollectionViewController.swift */ = {isa = PBXFileReference; lastKnownFileType = sourcecode.swift; path = DatabaseManagerForCollectionViewController.swift; sourceTree = "<group>"; };
		D6D23CFD2756C95C00B0F210 /* SettingsHelper.swift */ = {isa = PBXFileReference; lastKnownFileType = sourcecode.swift; path = SettingsHelper.swift; sourceTree = "<group>"; };
		D6D928252E68192B0072390C /* NotificationTableCell.swift */ = {isa = PBXFileReference; lastKnownFileType = sourcecode.swift; path = NotificationTableCell.swift; sourceTree = "<group>"; };
		D6D928262E68192B0072390C /* NotificationTableCell.xib */ = {isa = PBXFileReference; lastKnownFileType = file.xib; path = NotificationTableCell.xib; sourceTree = "<group>"; };
		D6DAA77626951D55005B7D6B /* SignUpViewController.swift */ = {isa = PBXFileReference; lastKnownFileType = sourcecode.swift; path = SignUpViewController.swift; sourceTree = "<group>"; };
		D6DB6642278F96970087550C /* CalendarViewController_Navigation.swift */ = {isa = PBXFileReference; lastKnownFileType = sourcecode.swift; path = CalendarViewController_Navigation.swift; sourceTree = "<group>"; };
		D6DB6644278F96D40087550C /* CalendarViewController_Database.swift */ = {isa = PBXFileReference; lastKnownFileType = sourcecode.swift; path = CalendarViewController_Database.swift; sourceTree = "<group>"; };
		D6DB6646278F970C0087550C /* CalendarViewController_ads.swift */ = {isa = PBXFileReference; lastKnownFileType = sourcecode.swift; path = CalendarViewController_ads.swift; sourceTree = "<group>"; };
		D6DB6648278F975C0087550C /* CalendarViewController_CollectionView.swift */ = {isa = PBXFileReference; lastKnownFileType = sourcecode.swift; path = CalendarViewController_CollectionView.swift; sourceTree = "<group>"; };
		D6DB664A278F97AB0087550C /* CalendarViewController_TableView.swift */ = {isa = PBXFileReference; lastKnownFileType = sourcecode.swift; path = CalendarViewController_TableView.swift; sourceTree = "<group>"; };
		D6E35C062852428C00D8B327 /* EventDurationTableViewCell.xib */ = {isa = PBXFileReference; fileEncoding = 4; lastKnownFileType = file.xib; path = EventDurationTableViewCell.xib; sourceTree = "<group>"; };
		D6E35C072852428D00D8B327 /* EventDurationTableViewCell.swift */ = {isa = PBXFileReference; fileEncoding = 4; lastKnownFileType = sourcecode.swift; path = EventDurationTableViewCell.swift; sourceTree = "<group>"; };
		D6E35C0A285242A000D8B327 /* customGesture.swift */ = {isa = PBXFileReference; fileEncoding = 4; lastKnownFileType = sourcecode.swift; path = customGesture.swift; sourceTree = "<group>"; };
		D6E35C0C285242AD00D8B327 /* EventDurationViewController.swift */ = {isa = PBXFileReference; fileEncoding = 4; lastKnownFileType = sourcecode.swift; path = EventDurationViewController.swift; sourceTree = "<group>"; };
		D6EC825027470611002F7BA8 /* dotViewContainerReusableView.swift */ = {isa = PBXFileReference; lastKnownFileType = sourcecode.swift; path = dotViewContainerReusableView.swift; sourceTree = "<group>"; };
		D6EC825127470611002F7BA8 /* dotViewContainerReusableView.xib */ = {isa = PBXFileReference; lastKnownFileType = file.xib; path = dotViewContainerReusableView.xib; sourceTree = "<group>"; };
		D6F9C698273DB6D3003298E1 /* CollectionViewCell.swift */ = {isa = PBXFileReference; lastKnownFileType = sourcecode.swift; path = CollectionViewCell.swift; sourceTree = "<group>"; };
		D6F9C699273DB6D3003298E1 /* CollectionViewCell.xib */ = {isa = PBXFileReference; lastKnownFileType = file.xib; path = CollectionViewCell.xib; sourceTree = "<group>"; };
		D6F9C69C273DB712003298E1 /* TableViewCell.swift */ = {isa = PBXFileReference; lastKnownFileType = sourcecode.swift; path = TableViewCell.swift; sourceTree = "<group>"; };
		D6F9C69D273DB712003298E1 /* TableViewCell.xib */ = {isa = PBXFileReference; lastKnownFileType = file.xib; path = TableViewCell.xib; sourceTree = "<group>"; };
		D6F9C6A0273DFD4B003298E1 /* ColorPickerCell.swift */ = {isa = PBXFileReference; lastKnownFileType = sourcecode.swift; path = ColorPickerCell.swift; sourceTree = "<group>"; };
		D6F9C6A1273DFD4B003298E1 /* ColorPickerCell.xib */ = {isa = PBXFileReference; lastKnownFileType = file.xib; path = ColorPickerCell.xib; sourceTree = "<group>"; };
		D6F9C6A4273EFF03003298E1 /* Color.swift */ = {isa = PBXFileReference; lastKnownFileType = sourcecode.swift; path = Color.swift; sourceTree = "<group>"; };
		D6FC107B2C6EAA6100BD4D00 /* YourFriendsViewController.swift */ = {isa = PBXFileReference; lastKnownFileType = sourcecode.swift; path = YourFriendsViewController.swift; sourceTree = "<group>"; };
/* End PBXFileReference section */

/* Begin PBXFrameworksBuildPhase section */
		D61F04B725D3891D00A2BC05 /* Frameworks */ = {
			isa = PBXFrameworksBuildPhase;
			buildActionMask = 2147483647;
			files = (
				EFC18ED9B2730D536A4E406E /* Pods_CollectionViewTesting.framework in Frameworks */,
			);
			runOnlyForDeploymentPostprocessing = 0;
		};
/* End PBXFrameworksBuildPhase section */

/* Begin PBXGroup section */
		09E80AA61D5276D65778F819 /* Frameworks */ = {
			isa = PBXGroup;
			children = (
				735B5D7DCACE5380F7718CDC /* Pods_CollectionViewTesting.framework */,
			);
			name = Frameworks;
			sourceTree = "<group>";
		};
		80BB60F756534094184C213A /* Pods */ = {
			isa = PBXGroup;
			children = (
				987C9BF11BE1AB7FB4148C73 /* Pods-CollectionViewTesting.debug.xcconfig */,
				7CF1FD251F2473728A7C1A73 /* Pods-CollectionViewTesting.release.xcconfig */,
			);
			path = Pods;
			sourceTree = "<group>";
		};
		D6105E8B2E693CD0009145AD /* ReusableView */ = {
			isa = PBXGroup;
			children = (
				D6105E8C2E693D0B009145AD /* GenericTable.swift */,
				D6105E8D2E693D0B009145AD /* GenericTable.xib */,
				D6105E8E2E693D0B009145AD /* GenericTableWithHeader.swift */,
				D6105E8F2E693D0B009145AD /* GenericTableWithHeader.xib */,
				D63328C92E6A30E300909A69 /* GenericTCA.swift */,
				D63328CA2E6A30E300909A69 /* GenericTCA.xib */,
				D601AF3F2E7B540400DC774A /* GenericTCB.swift */,
				D601AF402E7B540400DC774A /* GenericTCB.xib */,
			);
			path = ReusableView;
			sourceTree = "<group>";
		};
		D61F04B125D3891C00A2BC05 = {
			isa = PBXGroup;
			children = (
				D61F04BC25D3891D00A2BC05 /* CollectionViewTesting */,
				D61F04BB25D3891D00A2BC05 /* Products */,
				80BB60F756534094184C213A /* Pods */,
				09E80AA61D5276D65778F819 /* Frameworks */,
			);
			sourceTree = "<group>";
		};
		D61F04BB25D3891D00A2BC05 /* Products */ = {
			isa = PBXGroup;
			children = (
				D61F04BA25D3891D00A2BC05 /* CollectionViewTesting.app */,
			);
			name = Products;
			sourceTree = "<group>";
		};
		D61F04BC25D3891D00A2BC05 /* CollectionViewTesting */ = {
			isa = PBXGroup;
			children = (
				D66C32B827B44E4E00B0F5A8 /* CollectionViewTesting.entitlements */,
				D69CDA4525E075D0001F03AF /* OtherStuff */,
				D69CDA4425E07595001F03AF /* Model */,
				D69CDA4325E07584001F03AF /* Controller */,
				D69CDA4125E0755A001F03AF /* View */,
				D61F04CB25D3891D00A2BC05 /* Info.plist */,
				D629397E27B2F87F00BF4FC8 /* GoogleService-Info.plist */,
				D6B9A1462CD2948100946ACE /* PrivacyInfo.xcprivacy */,
			);
			path = CollectionViewTesting;
			sourceTree = "<group>";
		};
		D62741702E7870680057865F /* ViewControllers */ = {
			isa = PBXGroup;
			children = (
				D61F04C325D3891D00A2BC05 /* Main.storyboard */,
				D61F04C825D3891D00A2BC05 /* LaunchScreen.storyboard */,
				D6105E902E693D0B009145AD /* GroupViewController.swift */,
				D6105E912E693D0B009145AD /* GroupViewController.xib */,
				D62741712E7870E10057865F /* NewGroupViewController.swift */,
				D62741722E7870E10057865F /* NewGroupViewController.xib */,
				D6BA94A62E78965B00E3F765 /* GroupEventsVC.swift */,
				D6BA94A72E78965B00E3F765 /* GroupEventsVC.xib */,
			);
			path = ViewControllers;
			sourceTree = "<group>";
		};
		D627D4CE2E598C13003E5E9A /* Friends */ = {
			isa = PBXGroup;
			children = (
				D64566652C6FC8E000A8AF7B /* FriendsTableViewTableViewCell.swift */,
				D64566662C6FC8E000A8AF7B /* FriendsTableViewTableViewCell.xib */,
				D6020EF92CB7770C0090231D /* EmptyFriendsTableViewCell.swift */,
				D6020EFA2CB7770C0090231D /* EmptyFriendsTableViewCell.xib */,
				D62335572CBDE42500FEC65A /* FriendReqTableViewCell.swift */,
				D62335582CBDE42500FEC65A /* FriendReqTableViewCell.xib */,
			);
			path = Friends;
			sourceTree = "<group>";
		};
		D627D4CF2E598C3A003E5E9A /* MonthView */ = {
			isa = PBXGroup;
			children = (
				D6F9C698273DB6D3003298E1 /* CollectionViewCell.swift */,
				D6F9C699273DB6D3003298E1 /* CollectionViewCell.xib */,
				D6F9C69C273DB712003298E1 /* TableViewCell.swift */,
				D6F9C69D273DB712003298E1 /* TableViewCell.xib */,
				D6F9C6A0273DFD4B003298E1 /* ColorPickerCell.swift */,
				D6F9C6A1273DFD4B003298E1 /* ColorPickerCell.xib */,
				D6EC825027470611002F7BA8 /* dotViewContainerReusableView.swift */,
				D6EC825127470611002F7BA8 /* dotViewContainerReusableView.xib */,
			);
			path = MonthView;
			sourceTree = "<group>";
		};
		D627D4D02E598C72003E5E9A /* WeekView */ = {
			isa = PBXGroup;
			children = (
				D6E35C072852428D00D8B327 /* EventDurationTableViewCell.swift */,
				D6E35C062852428C00D8B327 /* EventDurationTableViewCell.xib */,
				D61C37302B2BC10D00AB705A /* weekNumberForEventDuration.swift */,
				D61C37312B2BC10D00AB705A /* weekNumberForEventDuration.xib */,
				D615A04C2B6C43F5006C0822 /* CollectionViewCellForEventDuration.swift */,
				D615A04D2B6C43F5006C0822 /* CollectionViewCellForEventDuration.xib */,
			);
			path = WeekView;
			sourceTree = "<group>";
		};
		D627D4D12E598C98003E5E9A /* Friends */ = {
			isa = PBXGroup;
			children = (
				D6FC107B2C6EAA6100BD4D00 /* YourFriendsViewController.swift */,
				D6B46CC82C70186E0050EDFB /* AddFriendViewController.swift */,
				D6A12A422CB866FF00BF2E88 /* FriendRequestViewController.swift */,
			);
			path = Friends;
			sourceTree = "<group>";
		};
		D64566642C6FC8B200A8AF7B /* Maybe later */ = {
			isa = PBXGroup;
			children = (
				D64566602C6FC10F00A8AF7B /* HeaderViewController.swift */,
				D64566612C6FC10F00A8AF7B /* HeaderViewController.xib */,
			);
			path = "Maybe later";
			sourceTree = "<group>";
		};
		D69CDA4125E0755A001F03AF /* View */ = {
			isa = PBXGroup;
			children = (
				D62741702E7870680057865F /* ViewControllers */,
				D6105E8B2E693CD0009145AD /* ReusableView */,
				D64566642C6FC8B200A8AF7B /* Maybe later */,
				D627D4CF2E598C3A003E5E9A /* MonthView */,
				D627D4D02E598C72003E5E9A /* WeekView */,
				D627D4CE2E598C13003E5E9A /* Friends */,
				D6D928252E68192B0072390C /* NotificationTableCell.swift */,
				D6D928262E68192B0072390C /* NotificationTableCell.xib */,
			);
			path = View;
			sourceTree = "<group>";
		};
		D69CDA4325E07584001F03AF /* Controller */ = {
			isa = PBXGroup;
			children = (
				D627D4D22E598CA5003E5E9A /* HomeViewController.swift */,
				D6B9A1442CD1E6F200946ACE /* UploadPhotoViewController.swift */,
				D6DB6641278F96440087550C /* CalendarViewController */,
				D630114D267A978C00128ADA /* EventViewController.swift */,
				D6DAA77626951D55005B7D6B /* SignUpViewController.swift */,
				D6BE7AB026A6479000498ECB /* LogInViewController.swift */,
				D6BE7AB226A8B54500498ECB /* AccountInfoViewController.swift */,
				D6E35C0C285242AD00D8B327 /* EventDurationViewController.swift */,
				D6981F2B2B2A55EF00FB823F /* SettingsViewController.swift */,
				D627D4D12E598C98003E5E9A /* Friends */,
			);
			path = Controller;
			sourceTree = "<group>";
		};
		D69CDA4425E07595001F03AF /* Model */ = {
			isa = PBXGroup;
			children = (
				D601AF432E7B8F5800DC774A /* groupPendingEvent.swift */,
				D60EEE2D2E6F633F00E113F5 /* userPendingGroups.swift */,
				D61053762E5E2E4100E439B1 /* userFriend.swift */,
				D61053732E5E28A900E439B1 /* groupEvent.swift */,
				D61053712E5E276E00E439B1 /* userEvent.swift */,
				D610536F2E5D0AB000E439B1 /* userGroup.swift */,
				D63F4F362E5AD1C7008304A6 /* Notification.swift */,
				D63F4F322E5A5059008304A6 /* Group.swift */,
				D61221642CB5E9A60050B22C /* UDM.swift */,
				D673DA0425D486AA009C56EF /* CalendarHelper.swift */,
				D6301150267AA10800128ADA /* Event.swift */,
				D6BE7AB626C6D95200498ECB /* alertUser.swift */,
				D6F9C6A4273EFF03003298E1 /* Color.swift */,
				D6D23CFD2756C95C00B0F210 /* SettingsHelper.swift */,
				D668826C2B6E156B00DE1726 /* EventDurationHelper.swift */,
				D645666B2C6FCBFF00A8AF7B /* User.swift */,
				D612CC4B2CD05D71009B40C8 /* Friend.swift */,
			);
			path = Model;
			sourceTree = "<group>";
		};
		D69CDA4525E075D0001F03AF /* OtherStuff */ = {
			isa = PBXGroup;
			children = (
				D61221622CB5E3600050B22C /* DatabaseManagerForSignUpandLogin.swift */,
				D61F04BD25D3891D00A2BC05 /* AppDelegate.swift */,
				D61F04BF25D3891D00A2BC05 /* SceneDelegate.swift */,
				D61F04C625D3891D00A2BC05 /* Assets.xcassets */,
				D6BE7AB826C6DCE700498ECB /* DatabaseManagerForCollectionViewController.swift */,
				D6E35C0A285242A000D8B327 /* customGesture.swift */,
				D6B46CCA2C7050E30050EDFB /* DatabaseManagerForAddFriendViewController.swift */,
			);
			path = OtherStuff;
			sourceTree = "<group>";
		};
		D6DB6641278F96440087550C /* CalendarViewController */ = {
			isa = PBXGroup;
			children = (
				D61F04C125D3891D00A2BC05 /* CalendarViewController.swift */,
				D6DB664A278F97AB0087550C /* CalendarViewController_TableView.swift */,
				D6DB6648278F975C0087550C /* CalendarViewController_CollectionView.swift */,
				D6DB6646278F970C0087550C /* CalendarViewController_ads.swift */,
				D6DB6642278F96970087550C /* CalendarViewController_Navigation.swift */,
				D6DB6644278F96D40087550C /* CalendarViewController_Database.swift */,
			);
			path = CalendarViewController;
			sourceTree = "<group>";
		};
/* End PBXGroup section */

/* Begin PBXNativeTarget section */
		D61F04B925D3891D00A2BC05 /* CollectionViewTesting */ = {
			isa = PBXNativeTarget;
			buildConfigurationList = D61F04CE25D3891D00A2BC05 /* Build configuration list for PBXNativeTarget "CollectionViewTesting" */;
			buildPhases = (
				787F0EC0527B856832723A1C /* [CP] Check Pods Manifest.lock */,
				D61F04B625D3891D00A2BC05 /* Sources */,
				D61F04B725D3891D00A2BC05 /* Frameworks */,
				D61F04B825D3891D00A2BC05 /* Resources */,
				679EDE0D4A4D77A0736567B0 /* [CP] Embed Pods Frameworks */,
				2D173EF2068379EAF0FB6F27 /* [CP] Copy Pods Resources */,
			);
			buildRules = (
			);
			dependencies = (
			);
			name = CollectionViewTesting;
			productName = CollectionViewTesting;
			productReference = D61F04BA25D3891D00A2BC05 /* CollectionViewTesting.app */;
			productType = "com.apple.product-type.application";
		};
/* End PBXNativeTarget section */

/* Begin PBXProject section */
		D61F04B225D3891C00A2BC05 /* Project object */ = {
			isa = PBXProject;
			attributes = {
				LastSwiftUpdateCheck = 1240;
				LastUpgradeCheck = 1240;
				TargetAttributes = {
					D61F04B925D3891D00A2BC05 = {
						CreatedOnToolsVersion = 12.4;
					};
				};
			};
			buildConfigurationList = D61F04B525D3891C00A2BC05 /* Build configuration list for PBXProject "CollectionViewTesting" */;
			compatibilityVersion = "Xcode 9.3";
			developmentRegion = en;
			hasScannedForEncodings = 0;
			knownRegions = (
				en,
				Base,
			);
			mainGroup = D61F04B125D3891C00A2BC05;
			productRefGroup = D61F04BB25D3891D00A2BC05 /* Products */;
			projectDirPath = "";
			projectRoot = "";
			targets = (
				D61F04B925D3891D00A2BC05 /* CollectionViewTesting */,
			);
		};
/* End PBXProject section */

/* Begin PBXResourcesBuildPhase section */
		D61F04B825D3891D00A2BC05 /* Resources */ = {
			isa = PBXResourcesBuildPhase;
			buildActionMask = 2147483647;
			files = (
				D6EC825327470611002F7BA8 /* dotViewContainerReusableView.xib in Resources */,
				D615A04F2B6C43F5006C0822 /* CollectionViewCellForEventDuration.xib in Resources */,
				D629397F27B2F87F00BF4FC8 /* GoogleService-Info.plist in Resources */,
				D6020EFB2CB7770C0090231D /* EmptyFriendsTableViewCell.xib in Resources */,
				D61F04CA25D3891D00A2BC05 /* LaunchScreen.storyboard in Resources */,
				D64566632C6FC10F00A8AF7B /* HeaderViewController.xib in Resources */,
				D6B9A1472CD2948100946ACE /* PrivacyInfo.xcprivacy in Resources */,
				D6F9C69F273DB712003298E1 /* TableViewCell.xib in Resources */,
				D61F04C725D3891D00A2BC05 /* Assets.xcassets in Resources */,
				D6E35C082852428D00D8B327 /* EventDurationTableViewCell.xib in Resources */,
				D6F9C6A3273DFD4B003298E1 /* ColorPickerCell.xib in Resources */,
				D6BA94A82E78965B00E3F765 /* GroupEventsVC.xib in Resources */,
				D6105E952E693D0B009145AD /* GenericTableWithHeader.xib in Resources */,
				D6105E962E693D0B009145AD /* GroupViewController.xib in Resources */,
				D63328CC2E6A30E300909A69 /* GenericTCA.xib in Resources */,
				D6105E972E693D0B009145AD /* GenericTable.xib in Resources */,
				D61C37332B2BC10D00AB705A /* weekNumberForEventDuration.xib in Resources */,
				D61F04C525D3891D00A2BC05 /* Main.storyboard in Resources */,
				D6D928272E68192B0072390C /* NotificationTableCell.xib in Resources */,
				D623355A2CBDE42500FEC65A /* FriendReqTableViewCell.xib in Resources */,
				D64566682C6FC8E000A8AF7B /* FriendsTableViewTableViewCell.xib in Resources */,
				D601AF422E7B540400DC774A /* GenericTCB.xib in Resources */,
				D6F9C69B273DB6D3003298E1 /* CollectionViewCell.xib in Resources */,
				D62741742E7870E10057865F /* NewGroupViewController.xib in Resources */,
			);
			runOnlyForDeploymentPostprocessing = 0;
		};
/* End PBXResourcesBuildPhase section */

/* Begin PBXShellScriptBuildPhase section */
		2D173EF2068379EAF0FB6F27 /* [CP] Copy Pods Resources */ = {
			isa = PBXShellScriptBuildPhase;
			buildActionMask = 2147483647;
			files = (
			);
			inputFileListPaths = (
				"${PODS_ROOT}/Target Support Files/Pods-CollectionViewTesting/Pods-CollectionViewTesting-resources-${CONFIGURATION}-input-files.xcfilelist",
			);
			name = "[CP] Copy Pods Resources";
			outputFileListPaths = (
				"${PODS_ROOT}/Target Support Files/Pods-CollectionViewTesting/Pods-CollectionViewTesting-resources-${CONFIGURATION}-output-files.xcfilelist",
			);
			runOnlyForDeploymentPostprocessing = 0;
			shellPath = /bin/sh;
			shellScript = "\"${PODS_ROOT}/Target Support Files/Pods-CollectionViewTesting/Pods-CollectionViewTesting-resources.sh\"\n";
			showEnvVarsInLog = 0;
		};
		679EDE0D4A4D77A0736567B0 /* [CP] Embed Pods Frameworks */ = {
			isa = PBXShellScriptBuildPhase;
			buildActionMask = 2147483647;
			files = (
			);
			inputFileListPaths = (
				"${PODS_ROOT}/Target Support Files/Pods-CollectionViewTesting/Pods-CollectionViewTesting-frameworks-${CONFIGURATION}-input-files.xcfilelist",
			);
			name = "[CP] Embed Pods Frameworks";
			outputFileListPaths = (
				"${PODS_ROOT}/Target Support Files/Pods-CollectionViewTesting/Pods-CollectionViewTesting-frameworks-${CONFIGURATION}-output-files.xcfilelist",
			);
			runOnlyForDeploymentPostprocessing = 0;
			shellPath = /bin/sh;
			shellScript = "\"${PODS_ROOT}/Target Support Files/Pods-CollectionViewTesting/Pods-CollectionViewTesting-frameworks.sh\"\n";
			showEnvVarsInLog = 0;
		};
		787F0EC0527B856832723A1C /* [CP] Check Pods Manifest.lock */ = {
			isa = PBXShellScriptBuildPhase;
			buildActionMask = 2147483647;
			files = (
			);
			inputFileListPaths = (
			);
			inputPaths = (
				"${PODS_PODFILE_DIR_PATH}/Podfile.lock",
				"${PODS_ROOT}/Manifest.lock",
			);
			name = "[CP] Check Pods Manifest.lock";
			outputFileListPaths = (
			);
			outputPaths = (
				"$(DERIVED_FILE_DIR)/Pods-CollectionViewTesting-checkManifestLockResult.txt",
			);
			runOnlyForDeploymentPostprocessing = 0;
			shellPath = /bin/sh;
			shellScript = "diff \"${PODS_PODFILE_DIR_PATH}/Podfile.lock\" \"${PODS_ROOT}/Manifest.lock\" > /dev/null\nif [ $? != 0 ] ; then\n    # print error to STDERR\n    echo \"error: The sandbox is not in sync with the Podfile.lock. Run 'pod install' or update your CocoaPods installation.\" >&2\n    exit 1\nfi\n# This output is used by Xcode 'outputs' to avoid re-running this script phase.\necho \"SUCCESS\" > \"${SCRIPT_OUTPUT_FILE_0}\"\n";
			showEnvVarsInLog = 0;
		};
/* End PBXShellScriptBuildPhase section */

/* Begin PBXSourcesBuildPhase section */
		D61F04B625D3891D00A2BC05 /* Sources */ = {
			isa = PBXSourcesBuildPhase;
			buildActionMask = 2147483647;
			files = (
				D6F9C69E273DB712003298E1 /* TableViewCell.swift in Sources */,
				D6FC107C2C6EAA6100BD4D00 /* YourFriendsViewController.swift in Sources */,
				D6301151267AA10800128ADA /* Event.swift in Sources */,
				D668826D2B6E156B00DE1726 /* EventDurationHelper.swift in Sources */,
				D6E35C0D285242AD00D8B327 /* EventDurationViewController.swift in Sources */,
				D6DB6643278F96970087550C /* CalendarViewController_Navigation.swift in Sources */,
				D6DB664B278F97AB0087550C /* CalendarViewController_TableView.swift in Sources */,
				D627D4D32E598CB4003E5E9A /* HomeViewController.swift in Sources */,
				D63328CB2E6A30E300909A69 /* GenericTCA.swift in Sources */,
				D64566672C6FC8E000A8AF7B /* FriendsTableViewTableViewCell.swift in Sources */,
				D673DA0525D486AA009C56EF /* CalendarHelper.swift in Sources */,
				D6BE7AB326A8B54500498ECB /* AccountInfoViewController.swift in Sources */,
				D601AF442E7B8F6000DC774A /* groupPendingEvent.swift in Sources */,
				D6B9A1452CD1E6F200946ACE /* UploadPhotoViewController.swift in Sources */,
				D61C37322B2BC10D00AB705A /* weekNumberForEventDuration.swift in Sources */,
				D60EEE2E2E6F634400E113F5 /* userPendingGroups.swift in Sources */,
				D6B46CC92C70186E0050EDFB /* AddFriendViewController.swift in Sources */,
				D6BE7AB126A6479000498ECB /* LogInViewController.swift in Sources */,
				D6F9C6A5273EFF03003298E1 /* Color.swift in Sources */,
				D612CC4C2CD05D71009B40C8 /* Friend.swift in Sources */,
				D615A04E2B6C43F5006C0822 /* CollectionViewCellForEventDuration.swift in Sources */,
				D63F4F332E5A505D008304A6 /* Group.swift in Sources */,
				D601AF412E7B540400DC774A /* GenericTCB.swift in Sources */,
				D6F9C6A2273DFD4B003298E1 /* ColorPickerCell.swift in Sources */,
				D6BE7AB726C6D95200498ECB /* alertUser.swift in Sources */,
				D6F9C69A273DB6D3003298E1 /* CollectionViewCell.swift in Sources */,
				D6DAA77726951D55005B7D6B /* SignUpViewController.swift in Sources */,
				D6B46CCB2C7050E30050EDFB /* DatabaseManagerForAddFriendViewController.swift in Sources */,
				D6DB6649278F975C0087550C /* CalendarViewController_CollectionView.swift in Sources */,
				D6D23CFE2756C95C00B0F210 /* SettingsHelper.swift in Sources */,
				D63F4F372E5AD1D1008304A6 /* Notification.swift in Sources */,
				D62741732E7870E10057865F /* NewGroupViewController.swift in Sources */,
				D61053722E5E277300E439B1 /* userEvent.swift in Sources */,
				D61053772E5E2E4400E439B1 /* userFriend.swift in Sources */,
				D61053742E5E28BD00E439B1 /* groupEvent.swift in Sources */,
				D6020EFC2CB7770C0090231D /* EmptyFriendsTableViewCell.swift in Sources */,
				D6BE7AB926C6DCE700498ECB /* DatabaseManagerForCollectionViewController.swift in Sources */,
				D64566622C6FC10F00A8AF7B /* HeaderViewController.swift in Sources */,
				D6105E922E693D0B009145AD /* GenericTable.swift in Sources */,
				D6105E932E693D0B009145AD /* GenericTableWithHeader.swift in Sources */,
				D6105E942E693D0B009145AD /* GroupViewController.swift in Sources */,
				D6DB6645278F96D40087550C /* CalendarViewController_Database.swift in Sources */,
				D645666C2C6FCBFF00A8AF7B /* User.swift in Sources */,
				D6E35C0B285242A000D8B327 /* customGesture.swift in Sources */,
				D62335592CBDE42500FEC65A /* FriendReqTableViewCell.swift in Sources */,
				D61F04C225D3891D00A2BC05 /* CalendarViewController.swift in Sources */,
				D6DB6647278F970C0087550C /* CalendarViewController_ads.swift in Sources */,
				D630114E267A978C00128ADA /* EventViewController.swift in Sources */,
				D61221632CB5E3720050B22C /* DatabaseManagerForSignUpandLogin.swift in Sources */,
				D6BA94A92E78965B00E3F765 /* GroupEventsVC.swift in Sources */,
				D61F04BE25D3891D00A2BC05 /* AppDelegate.swift in Sources */,
				D6EC825227470611002F7BA8 /* dotViewContainerReusableView.swift in Sources */,
				D61221652CB5E9AA0050B22C /* UDM.swift in Sources */,
				D6981F2C2B2A55EF00FB823F /* SettingsViewController.swift in Sources */,
				D61053702E5D0ABC00E439B1 /* userGroup.swift in Sources */,
				D6A12A432CB866FF00BF2E88 /* FriendRequestViewController.swift in Sources */,
				D6D928282E68192B0072390C /* NotificationTableCell.swift in Sources */,
				D61F04C025D3891D00A2BC05 /* SceneDelegate.swift in Sources */,
				D6E35C092852428D00D8B327 /* EventDurationTableViewCell.swift in Sources */,
			);
			runOnlyForDeploymentPostprocessing = 0;
		};
/* End PBXSourcesBuildPhase section */

/* Begin PBXVariantGroup section */
		D61F04C325D3891D00A2BC05 /* Main.storyboard */ = {
			isa = PBXVariantGroup;
			children = (
				D61F04C425D3891D00A2BC05 /* Base */,
			);
			name = Main.storyboard;
			sourceTree = "<group>";
		};
		D61F04C825D3891D00A2BC05 /* LaunchScreen.storyboard */ = {
			isa = PBXVariantGroup;
			children = (
				D61F04C925D3891D00A2BC05 /* Base */,
			);
			name = LaunchScreen.storyboard;
			sourceTree = "<group>";
		};
/* End PBXVariantGroup section */

/* Begin XCBuildConfiguration section */
		D61F04CC25D3891D00A2BC05 /* Debug */ = {
			isa = XCBuildConfiguration;
			buildSettings = {
				ALWAYS_SEARCH_USER_PATHS = NO;
				CLANG_ANALYZER_NONNULL = YES;
				CLANG_ANALYZER_NUMBER_OBJECT_CONVERSION = YES_AGGRESSIVE;
				CLANG_CXX_LANGUAGE_STANDARD = "gnu++14";
				CLANG_CXX_LIBRARY = "libc++";
				CLANG_ENABLE_MODULES = YES;
				CLANG_ENABLE_OBJC_ARC = YES;
				CLANG_ENABLE_OBJC_WEAK = YES;
				CLANG_WARN_BLOCK_CAPTURE_AUTORELEASING = YES;
				CLANG_WARN_BOOL_CONVERSION = YES;
				CLANG_WARN_COMMA = YES;
				CLANG_WARN_CONSTANT_CONVERSION = YES;
				CLANG_WARN_DEPRECATED_OBJC_IMPLEMENTATIONS = YES;
				CLANG_WARN_DIRECT_OBJC_ISA_USAGE = YES_ERROR;
				CLANG_WARN_DOCUMENTATION_COMMENTS = YES;
				CLANG_WARN_EMPTY_BODY = YES;
				CLANG_WARN_ENUM_CONVERSION = YES;
				CLANG_WARN_INFINITE_RECURSION = YES;
				CLANG_WARN_INT_CONVERSION = YES;
				CLANG_WARN_NON_LITERAL_NULL_CONVERSION = YES;
				CLANG_WARN_OBJC_IMPLICIT_RETAIN_SELF = YES;
				CLANG_WARN_OBJC_LITERAL_CONVERSION = YES;
				CLANG_WARN_OBJC_ROOT_CLASS = YES_ERROR;
				CLANG_WARN_QUOTED_INCLUDE_IN_FRAMEWORK_HEADER = YES;
				CLANG_WARN_RANGE_LOOP_ANALYSIS = YES;
				CLANG_WARN_STRICT_PROTOTYPES = YES;
				CLANG_WARN_SUSPICIOUS_MOVE = YES;
				CLANG_WARN_UNGUARDED_AVAILABILITY = YES_AGGRESSIVE;
				CLANG_WARN_UNREACHABLE_CODE = YES;
				CLANG_WARN__DUPLICATE_METHOD_MATCH = YES;
				COPY_PHASE_STRIP = NO;
				DEBUG_INFORMATION_FORMAT = dwarf;
				ENABLE_STRICT_OBJC_MSGSEND = YES;
				ENABLE_TESTABILITY = YES;
				GCC_C_LANGUAGE_STANDARD = gnu11;
				GCC_DYNAMIC_NO_PIC = NO;
				GCC_NO_COMMON_BLOCKS = YES;
				GCC_OPTIMIZATION_LEVEL = 0;
				GCC_PREPROCESSOR_DEFINITIONS = (
					"DEBUG=1",
					"$(inherited)",
				);
				GCC_WARN_64_TO_32_BIT_CONVERSION = YES;
				GCC_WARN_ABOUT_RETURN_TYPE = YES_ERROR;
				GCC_WARN_UNDECLARED_SELECTOR = YES;
				GCC_WARN_UNINITIALIZED_AUTOS = YES_AGGRESSIVE;
				GCC_WARN_UNUSED_FUNCTION = YES;
				GCC_WARN_UNUSED_VARIABLE = YES;
				IPHONEOS_DEPLOYMENT_TARGET = 10.0;
				MTL_ENABLE_DEBUG_INFO = INCLUDE_SOURCE;
				MTL_FAST_MATH = YES;
				ONLY_ACTIVE_ARCH = YES;
				SDKROOT = iphoneos;
				SWIFT_ACTIVE_COMPILATION_CONDITIONS = DEBUG;
				SWIFT_OPTIMIZATION_LEVEL = "-Onone";
			};
			name = Debug;
		};
		D61F04CD25D3891D00A2BC05 /* Release */ = {
			isa = XCBuildConfiguration;
			buildSettings = {
				ALWAYS_SEARCH_USER_PATHS = NO;
				CLANG_ANALYZER_NONNULL = YES;
				CLANG_ANALYZER_NUMBER_OBJECT_CONVERSION = YES_AGGRESSIVE;
				CLANG_CXX_LANGUAGE_STANDARD = "gnu++14";
				CLANG_CXX_LIBRARY = "libc++";
				CLANG_ENABLE_MODULES = YES;
				CLANG_ENABLE_OBJC_ARC = YES;
				CLANG_ENABLE_OBJC_WEAK = YES;
				CLANG_WARN_BLOCK_CAPTURE_AUTORELEASING = YES;
				CLANG_WARN_BOOL_CONVERSION = YES;
				CLANG_WARN_COMMA = YES;
				CLANG_WARN_CONSTANT_CONVERSION = YES;
				CLANG_WARN_DEPRECATED_OBJC_IMPLEMENTATIONS = YES;
				CLANG_WARN_DIRECT_OBJC_ISA_USAGE = YES_ERROR;
				CLANG_WARN_DOCUMENTATION_COMMENTS = YES;
				CLANG_WARN_EMPTY_BODY = YES;
				CLANG_WARN_ENUM_CONVERSION = YES;
				CLANG_WARN_INFINITE_RECURSION = YES;
				CLANG_WARN_INT_CONVERSION = YES;
				CLANG_WARN_NON_LITERAL_NULL_CONVERSION = YES;
				CLANG_WARN_OBJC_IMPLICIT_RETAIN_SELF = YES;
				CLANG_WARN_OBJC_LITERAL_CONVERSION = YES;
				CLANG_WARN_OBJC_ROOT_CLASS = YES_ERROR;
				CLANG_WARN_QUOTED_INCLUDE_IN_FRAMEWORK_HEADER = YES;
				CLANG_WARN_RANGE_LOOP_ANALYSIS = YES;
				CLANG_WARN_STRICT_PROTOTYPES = YES;
				CLANG_WARN_SUSPICIOUS_MOVE = YES;
				CLANG_WARN_UNGUARDED_AVAILABILITY = YES_AGGRESSIVE;
				CLANG_WARN_UNREACHABLE_CODE = YES;
				CLANG_WARN__DUPLICATE_METHOD_MATCH = YES;
				COPY_PHASE_STRIP = NO;
				DEBUG_INFORMATION_FORMAT = "dwarf-with-dsym";
				ENABLE_NS_ASSERTIONS = NO;
				ENABLE_STRICT_OBJC_MSGSEND = YES;
				GCC_C_LANGUAGE_STANDARD = gnu11;
				GCC_NO_COMMON_BLOCKS = YES;
				GCC_WARN_64_TO_32_BIT_CONVERSION = YES;
				GCC_WARN_ABOUT_RETURN_TYPE = YES_ERROR;
				GCC_WARN_UNDECLARED_SELECTOR = YES;
				GCC_WARN_UNINITIALIZED_AUTOS = YES_AGGRESSIVE;
				GCC_WARN_UNUSED_FUNCTION = YES;
				GCC_WARN_UNUSED_VARIABLE = YES;
				IPHONEOS_DEPLOYMENT_TARGET = 10.0;
				MTL_ENABLE_DEBUG_INFO = NO;
				MTL_FAST_MATH = YES;
				SDKROOT = iphoneos;
				SWIFT_COMPILATION_MODE = wholemodule;
				SWIFT_OPTIMIZATION_LEVEL = "-O";
				VALIDATE_PRODUCT = YES;
			};
			name = Release;
		};
		D61F04CF25D3891D00A2BC05 /* Debug */ = {
			isa = XCBuildConfiguration;
			baseConfigurationReference = 987C9BF11BE1AB7FB4148C73 /* Pods-CollectionViewTesting.debug.xcconfig */;
			buildSettings = {
				ASSETCATALOG_COMPILER_APPICON_NAME = AppIcon;
				ASSETCATALOG_COMPILER_GLOBAL_ACCENT_COLOR_NAME = AccentColor;
				CODE_SIGN_ENTITLEMENTS = CollectionViewTesting/CollectionViewTesting.entitlements;
				CODE_SIGN_STYLE = Automatic;
				DEVELOPMENT_TEAM = VCD8J5RPNC;
				INFOPLIST_FILE = CollectionViewTesting/Info.plist;
				IPHONEOS_DEPLOYMENT_TARGET = 14.7;
				LD_RUNPATH_SEARCH_PATHS = (
					"$(inherited)",
					"@executable_path/Frameworks",
				);
				PRODUCT_BUNDLE_IDENTIFIER = JoyE.CollectionViewTesting;
				PRODUCT_NAME = "$(TARGET_NAME)";
				SWIFT_VERSION = 5.0;
				TARGETED_DEVICE_FAMILY = "1,2";
			};
			name = Debug;
		};
		D61F04D025D3891D00A2BC05 /* Release */ = {
			isa = XCBuildConfiguration;
			baseConfigurationReference = 7CF1FD251F2473728A7C1A73 /* Pods-CollectionViewTesting.release.xcconfig */;
			buildSettings = {
				ASSETCATALOG_COMPILER_APPICON_NAME = AppIcon;
				ASSETCATALOG_COMPILER_GLOBAL_ACCENT_COLOR_NAME = AccentColor;
				CODE_SIGN_ENTITLEMENTS = CollectionViewTesting/CollectionViewTesting.entitlements;
				CODE_SIGN_STYLE = Automatic;
				DEVELOPMENT_TEAM = VCD8J5RPNC;
				INFOPLIST_FILE = CollectionViewTesting/Info.plist;
				IPHONEOS_DEPLOYMENT_TARGET = 14.7;
				LD_RUNPATH_SEARCH_PATHS = (
					"$(inherited)",
					"@executable_path/Frameworks",
				);
				PRODUCT_BUNDLE_IDENTIFIER = JoyE.CollectionViewTesting;
				PRODUCT_NAME = "$(TARGET_NAME)";
				SWIFT_VERSION = 5.0;
				TARGETED_DEVICE_FAMILY = "1,2";
			};
			name = Release;
		};
/* End XCBuildConfiguration section */

/* Begin XCConfigurationList section */
		D61F04B525D3891C00A2BC05 /* Build configuration list for PBXProject "CollectionViewTesting" */ = {
			isa = XCConfigurationList;
			buildConfigurations = (
				D61F04CC25D3891D00A2BC05 /* Debug */,
				D61F04CD25D3891D00A2BC05 /* Release */,
			);
			defaultConfigurationIsVisible = 0;
			defaultConfigurationName = Debug;
		};
		D61F04CE25D3891D00A2BC05 /* Build configuration list for PBXNativeTarget "CollectionViewTesting" */ = {
			isa = XCConfigurationList;
			buildConfigurations = (
				D61F04CF25D3891D00A2BC05 /* Debug */,
				D61F04D025D3891D00A2BC05 /* Release */,
			);
			defaultConfigurationIsVisible = 0;
			defaultConfigurationName = Debug;
		};
/* End XCConfigurationList section */
	};
	rootObject = D61F04B225D3891C00A2BC05 /* Project object */;
}
